// !$*UTF8*$!
{
	archiveVersion = 1;
	classes = {
	};
	objectVersion = 48;
	objects = {

/* Begin PBXBuildFile section */
		D6134A181F85226D005592A2 /* SwiftImage.framework in Frameworks */ = {isa = PBXBuildFile; fileRef = D6134A0E1F85226C005592A2 /* SwiftImage.framework */; };
		D6134A481F852A64005592A2 /* SwiftImageTests.swift in Sources */ = {isa = PBXBuildFile; fileRef = D6134A3B1F852A57005592A2 /* SwiftImageTests.swift */; };
		D6134A491F852A64005592A2 /* AppKitTests.swift in Sources */ = {isa = PBXBuildFile; fileRef = D6134A3C1F852A57005592A2 /* AppKitTests.swift */; };
		D6134A4A1F852A64005592A2 /* CoreGraphicsTests.swift in Sources */ = {isa = PBXBuildFile; fileRef = D6134A3D1F852A57005592A2 /* CoreGraphicsTests.swift */; };
		D6134A4B1F852A64005592A2 /* ImageSliceTests.swift in Sources */ = {isa = PBXBuildFile; fileRef = D6134A3E1F852A57005592A2 /* ImageSliceTests.swift */; };
		D6134A4C1F852A64005592A2 /* ImageTests.swift in Sources */ = {isa = PBXBuildFile; fileRef = D6134A3F1F852A57005592A2 /* ImageTests.swift */; };
		D6134A4D1F852A64005592A2 /* RGBATests.swift in Sources */ = {isa = PBXBuildFile; fileRef = D6134A411F852A57005592A2 /* RGBATests.swift */; };
		D6134A501F852A85005592A2 /* Image.swift in Sources */ = {isa = PBXBuildFile; fileRef = D6134A2B1F852A49005592A2 /* Image.swift */; };
		D6134A511F852A85005592A2 /* AppKit.swift in Sources */ = {isa = PBXBuildFile; fileRef = D6134A2C1F852A49005592A2 /* AppKit.swift */; };
		D6134A521F852A85005592A2 /* CoreGraphics.swift in Sources */ = {isa = PBXBuildFile; fileRef = D6134A2D1F852A49005592A2 /* CoreGraphics.swift */; };
		D6134A531F852A85005592A2 /* ImageSlice.swift in Sources */ = {isa = PBXBuildFile; fileRef = D6134A2E1F852A49005592A2 /* ImageSlice.swift */; };
		D6134A551F852A85005592A2 /* UIKit.swift in Sources */ = {isa = PBXBuildFile; fileRef = D6134A301F852A49005592A2 /* UIKit.swift */; };
		D6134A591F852A85005592A2 /* RGBA.swift in Sources */ = {isa = PBXBuildFile; fileRef = D6134A371F852A49005592A2 /* RGBA.swift */; };
		D6134A5A1F852A85005592A2 /* Util.swift in Sources */ = {isa = PBXBuildFile; fileRef = D6134A381F852A49005592A2 /* Util.swift */; };
		D6134A691F852C80005592A2 /* SwiftImage.framework in Frameworks */ = {isa = PBXBuildFile; fileRef = D6134A601F852C80005592A2 /* SwiftImage.framework */; };
		D6134A7B1F85CF5E005592A2 /* Image.swift in Sources */ = {isa = PBXBuildFile; fileRef = D6134A2B1F852A49005592A2 /* Image.swift */; };
		D6134A7C1F85CF5E005592A2 /* AppKit.swift in Sources */ = {isa = PBXBuildFile; fileRef = D6134A2C1F852A49005592A2 /* AppKit.swift */; };
		D6134A7D1F85CF5E005592A2 /* CoreGraphics.swift in Sources */ = {isa = PBXBuildFile; fileRef = D6134A2D1F852A49005592A2 /* CoreGraphics.swift */; };
		D6134A7E1F85CF5E005592A2 /* ImageSlice.swift in Sources */ = {isa = PBXBuildFile; fileRef = D6134A2E1F852A49005592A2 /* ImageSlice.swift */; };
		D6134A801F85CF5E005592A2 /* UIKit.swift in Sources */ = {isa = PBXBuildFile; fileRef = D6134A301F852A49005592A2 /* UIKit.swift */; };
		D6134A841F85CF5E005592A2 /* RGBA.swift in Sources */ = {isa = PBXBuildFile; fileRef = D6134A371F852A49005592A2 /* RGBA.swift */; };
		D6134A851F85CF5E005592A2 /* Util.swift in Sources */ = {isa = PBXBuildFile; fileRef = D6134A381F852A49005592A2 /* Util.swift */; };
		D6134A861F85CF6F005592A2 /* SwiftImageTests.swift in Sources */ = {isa = PBXBuildFile; fileRef = D6134A3B1F852A57005592A2 /* SwiftImageTests.swift */; };
		D6134A871F85CF6F005592A2 /* AppKitTests.swift in Sources */ = {isa = PBXBuildFile; fileRef = D6134A3C1F852A57005592A2 /* AppKitTests.swift */; };
		D6134A881F85CF6F005592A2 /* CoreGraphicsTests.swift in Sources */ = {isa = PBXBuildFile; fileRef = D6134A3D1F852A57005592A2 /* CoreGraphicsTests.swift */; };
		D6134A891F85CF6F005592A2 /* ImageSliceTests.swift in Sources */ = {isa = PBXBuildFile; fileRef = D6134A3E1F852A57005592A2 /* ImageSliceTests.swift */; };
		D6134A8A1F85CF6F005592A2 /* ImageTests.swift in Sources */ = {isa = PBXBuildFile; fileRef = D6134A3F1F852A57005592A2 /* ImageTests.swift */; };
		D6134A8B1F85CF6F005592A2 /* RGBATests.swift in Sources */ = {isa = PBXBuildFile; fileRef = D6134A411F852A57005592A2 /* RGBATests.swift */; };
		D6134A8F1F85CFA4005592A2 /* SwiftImage.h in Headers */ = {isa = PBXBuildFile; fileRef = D6134A2A1F852A49005592A2 /* SwiftImage.h */; settings = {ATTRIBUTES = (Public, ); }; };
		D6134AAB1F85D1FA005592A2 /* SwiftImage.framework in Frameworks */ = {isa = PBXBuildFile; fileRef = D6134AA21F85D1F9005592A2 /* SwiftImage.framework */; };
		D6134AB91F85D2AF005592A2 /* SwiftImage.h in Headers */ = {isa = PBXBuildFile; fileRef = D6134A2A1F852A49005592A2 /* SwiftImage.h */; settings = {ATTRIBUTES = (Public, ); }; };
		D6134ABA1F85D2AF005592A2 /* Image.swift in Sources */ = {isa = PBXBuildFile; fileRef = D6134A2B1F852A49005592A2 /* Image.swift */; };
		D6134ABB1F85D2AF005592A2 /* AppKit.swift in Sources */ = {isa = PBXBuildFile; fileRef = D6134A2C1F852A49005592A2 /* AppKit.swift */; };
		D6134ABC1F85D2AF005592A2 /* CoreGraphics.swift in Sources */ = {isa = PBXBuildFile; fileRef = D6134A2D1F852A49005592A2 /* CoreGraphics.swift */; };
		D6134ABD1F85D2AF005592A2 /* ImageSlice.swift in Sources */ = {isa = PBXBuildFile; fileRef = D6134A2E1F852A49005592A2 /* ImageSlice.swift */; };
		D6134ABF1F85D2AF005592A2 /* UIKit.swift in Sources */ = {isa = PBXBuildFile; fileRef = D6134A301F852A49005592A2 /* UIKit.swift */; };
		D6134AC31F85D2AF005592A2 /* RGBA.swift in Sources */ = {isa = PBXBuildFile; fileRef = D6134A371F852A49005592A2 /* RGBA.swift */; };
		D6134AC41F85D2AF005592A2 /* Util.swift in Sources */ = {isa = PBXBuildFile; fileRef = D6134A381F852A49005592A2 /* Util.swift */; };
		D6134AC51F85D2BF005592A2 /* SwiftImageTests.swift in Sources */ = {isa = PBXBuildFile; fileRef = D6134A3B1F852A57005592A2 /* SwiftImageTests.swift */; };
		D6134AC61F85D2BF005592A2 /* AppKitTests.swift in Sources */ = {isa = PBXBuildFile; fileRef = D6134A3C1F852A57005592A2 /* AppKitTests.swift */; };
		D6134AC71F85D2BF005592A2 /* CoreGraphicsTests.swift in Sources */ = {isa = PBXBuildFile; fileRef = D6134A3D1F852A57005592A2 /* CoreGraphicsTests.swift */; };
		D6134AC81F85D2BF005592A2 /* ImageSliceTests.swift in Sources */ = {isa = PBXBuildFile; fileRef = D6134A3E1F852A57005592A2 /* ImageSliceTests.swift */; };
		D6134AC91F85D2BF005592A2 /* ImageTests.swift in Sources */ = {isa = PBXBuildFile; fileRef = D6134A3F1F852A57005592A2 /* ImageTests.swift */; };
		D6134ACA1F85D2BF005592A2 /* RGBATests.swift in Sources */ = {isa = PBXBuildFile; fileRef = D6134A411F852A57005592A2 /* RGBATests.swift */; };
		D6134ADA1F85DA5C005592A2 /* SwiftImage.h in Headers */ = {isa = PBXBuildFile; fileRef = D6134A2A1F852A49005592A2 /* SwiftImage.h */; settings = {ATTRIBUTES = (Public, ); }; };
		D6134ADB1F85DA5C005592A2 /* Image.swift in Sources */ = {isa = PBXBuildFile; fileRef = D6134A2B1F852A49005592A2 /* Image.swift */; };
		D6134ADC1F85DA5C005592A2 /* AppKit.swift in Sources */ = {isa = PBXBuildFile; fileRef = D6134A2C1F852A49005592A2 /* AppKit.swift */; };
		D6134ADD1F85DA5C005592A2 /* CoreGraphics.swift in Sources */ = {isa = PBXBuildFile; fileRef = D6134A2D1F852A49005592A2 /* CoreGraphics.swift */; };
		D6134ADE1F85DA5C005592A2 /* ImageSlice.swift in Sources */ = {isa = PBXBuildFile; fileRef = D6134A2E1F852A49005592A2 /* ImageSlice.swift */; };
		D6134AE01F85DA5C005592A2 /* UIKit.swift in Sources */ = {isa = PBXBuildFile; fileRef = D6134A301F852A49005592A2 /* UIKit.swift */; };
		D6134AE41F85DA5C005592A2 /* RGBA.swift in Sources */ = {isa = PBXBuildFile; fileRef = D6134A371F852A49005592A2 /* RGBA.swift */; };
		D6134AE51F85DA5C005592A2 /* Util.swift in Sources */ = {isa = PBXBuildFile; fileRef = D6134A381F852A49005592A2 /* Util.swift */; };
		D6134B0A1F85DC64005592A2 /* SwiftImage.h in Headers */ = {isa = PBXBuildFile; fileRef = D6134A2A1F852A49005592A2 /* SwiftImage.h */; settings = {ATTRIBUTES = (Public, ); }; };
		D62285BA221171A3006A6D9C /* AutoreleaseTests.swift in Sources */ = {isa = PBXBuildFile; fileRef = D62285B9221171A3006A6D9C /* AutoreleaseTests.swift */; };
		D62285BB221171A3006A6D9C /* AutoreleaseTests.swift in Sources */ = {isa = PBXBuildFile; fileRef = D62285B9221171A3006A6D9C /* AutoreleaseTests.swift */; };
		D62285BC221171A3006A6D9C /* AutoreleaseTests.swift in Sources */ = {isa = PBXBuildFile; fileRef = D62285B9221171A3006A6D9C /* AutoreleaseTests.swift */; };
		D62C6EC31FCBA6B800E7DF02 /* UIKitTests.swift in Sources */ = {isa = PBXBuildFile; fileRef = D62C6EC11FCBA67500E7DF02 /* UIKitTests.swift */; };
		D62C6EC41FCBA6B900E7DF02 /* UIKitTests.swift in Sources */ = {isa = PBXBuildFile; fileRef = D62C6EC11FCBA67500E7DF02 /* UIKitTests.swift */; };
		D62C6EC51FCBA6BA00E7DF02 /* UIKitTests.swift in Sources */ = {isa = PBXBuildFile; fileRef = D62C6EC11FCBA67500E7DF02 /* UIKitTests.swift */; };
		D62C6EC71FCC18E600E7DF02 /* HigherOrderFunctions.swift in Sources */ = {isa = PBXBuildFile; fileRef = D62C6EC61FCC18E600E7DF02 /* HigherOrderFunctions.swift */; };
		D62C6EC81FCC18E600E7DF02 /* HigherOrderFunctions.swift in Sources */ = {isa = PBXBuildFile; fileRef = D62C6EC61FCC18E600E7DF02 /* HigherOrderFunctions.swift */; };
		D62C6EC91FCC18E600E7DF02 /* HigherOrderFunctions.swift in Sources */ = {isa = PBXBuildFile; fileRef = D62C6EC61FCC18E600E7DF02 /* HigherOrderFunctions.swift */; };
		D62C6ECA1FCC18E600E7DF02 /* HigherOrderFunctions.swift in Sources */ = {isa = PBXBuildFile; fileRef = D62C6EC61FCC18E600E7DF02 /* HigherOrderFunctions.swift */; };
		D62C6ED11FCD666600E7DF02 /* Util.swift in Sources */ = {isa = PBXBuildFile; fileRef = D62C6ED01FCD666600E7DF02 /* Util.swift */; };
		D62C6ED21FCD666600E7DF02 /* Util.swift in Sources */ = {isa = PBXBuildFile; fileRef = D62C6ED01FCD666600E7DF02 /* Util.swift */; };
		D62C6ED31FCD666600E7DF02 /* Util.swift in Sources */ = {isa = PBXBuildFile; fileRef = D62C6ED01FCD666600E7DF02 /* Util.swift */; };
		D62C6ED51FCE55EB00E7DF02 /* Interpolation.swift in Sources */ = {isa = PBXBuildFile; fileRef = D62C6ED41FCE55EB00E7DF02 /* Interpolation.swift */; };
		D62C6ED61FCE55F700E7DF02 /* Interpolation.swift in Sources */ = {isa = PBXBuildFile; fileRef = D62C6ED41FCE55EB00E7DF02 /* Interpolation.swift */; };
		D62C6ED71FCE55F800E7DF02 /* Interpolation.swift in Sources */ = {isa = PBXBuildFile; fileRef = D62C6ED41FCE55EB00E7DF02 /* Interpolation.swift */; };
		D62C6ED81FCE55F800E7DF02 /* Interpolation.swift in Sources */ = {isa = PBXBuildFile; fileRef = D62C6ED41FCE55EB00E7DF02 /* Interpolation.swift */; };
		D62C6EDB1FCE5F7D00E7DF02 /* InterpolationTests.swift in Sources */ = {isa = PBXBuildFile; fileRef = D62C6ED91FCE5F7600E7DF02 /* InterpolationTests.swift */; };
		D62C6EDC1FCE5F7E00E7DF02 /* InterpolationTests.swift in Sources */ = {isa = PBXBuildFile; fileRef = D62C6ED91FCE5F7600E7DF02 /* InterpolationTests.swift */; };
		D62C6EDD1FCE5F7E00E7DF02 /* InterpolationTests.swift in Sources */ = {isa = PBXBuildFile; fileRef = D62C6ED91FCE5F7600E7DF02 /* InterpolationTests.swift */; };
		D62C6EDF1FCE6BD800E7DF02 /* Extrapolation.swift in Sources */ = {isa = PBXBuildFile; fileRef = D62C6EDE1FCE6BD800E7DF02 /* Extrapolation.swift */; };
		D62C6EE01FCE6BD800E7DF02 /* Extrapolation.swift in Sources */ = {isa = PBXBuildFile; fileRef = D62C6EDE1FCE6BD800E7DF02 /* Extrapolation.swift */; };
		D62C6EE11FCE6BD800E7DF02 /* Extrapolation.swift in Sources */ = {isa = PBXBuildFile; fileRef = D62C6EDE1FCE6BD800E7DF02 /* Extrapolation.swift */; };
		D62C6EE21FCE6BD800E7DF02 /* Extrapolation.swift in Sources */ = {isa = PBXBuildFile; fileRef = D62C6EDE1FCE6BD800E7DF02 /* Extrapolation.swift */; };
		D62C6EE81FCE8F5B00E7DF02 /* ExtrapolationTests.swift in Sources */ = {isa = PBXBuildFile; fileRef = D62C6EE31FCE8F1800E7DF02 /* ExtrapolationTests.swift */; };
		D62C6EE91FCE8F5C00E7DF02 /* ExtrapolationTests.swift in Sources */ = {isa = PBXBuildFile; fileRef = D62C6EE31FCE8F1800E7DF02 /* ExtrapolationTests.swift */; };
		D62C6EEA1FCE8F5D00E7DF02 /* ExtrapolationTests.swift in Sources */ = {isa = PBXBuildFile; fileRef = D62C6EE31FCE8F1800E7DF02 /* ExtrapolationTests.swift */; };
		D63109121FCFD7DE009974D0 /* Convolution.swift in Sources */ = {isa = PBXBuildFile; fileRef = D63109111FCFD7DE009974D0 /* Convolution.swift */; };
		D63109131FCFD7DE009974D0 /* Convolution.swift in Sources */ = {isa = PBXBuildFile; fileRef = D63109111FCFD7DE009974D0 /* Convolution.swift */; };
		D63109141FCFD7DE009974D0 /* Convolution.swift in Sources */ = {isa = PBXBuildFile; fileRef = D63109111FCFD7DE009974D0 /* Convolution.swift */; };
		D63109151FCFD7DE009974D0 /* Convolution.swift in Sources */ = {isa = PBXBuildFile; fileRef = D63109111FCFD7DE009974D0 /* Convolution.swift */; };
		D631091B1FCFF27C009974D0 /* ConvolutionTests.swift in Sources */ = {isa = PBXBuildFile; fileRef = D63109161FCFF252009974D0 /* ConvolutionTests.swift */; };
		D631091C1FCFF27D009974D0 /* ConvolutionTests.swift in Sources */ = {isa = PBXBuildFile; fileRef = D63109161FCFF252009974D0 /* ConvolutionTests.swift */; };
		D631091D1FCFF27D009974D0 /* ConvolutionTests.swift in Sources */ = {isa = PBXBuildFile; fileRef = D63109161FCFF252009974D0 /* ConvolutionTests.swift */; };
		D631091F1FCFFB4C009974D0 /* ImageOperators.swift in Sources */ = {isa = PBXBuildFile; fileRef = D631091E1FCFFB4C009974D0 /* ImageOperators.swift */; };
		D63109201FCFFB4C009974D0 /* ImageOperators.swift in Sources */ = {isa = PBXBuildFile; fileRef = D631091E1FCFFB4C009974D0 /* ImageOperators.swift */; };
		D63109211FCFFB4C009974D0 /* ImageOperators.swift in Sources */ = {isa = PBXBuildFile; fileRef = D631091E1FCFFB4C009974D0 /* ImageOperators.swift */; };
		D63109221FCFFB4C009974D0 /* ImageOperators.swift in Sources */ = {isa = PBXBuildFile; fileRef = D631091E1FCFFB4C009974D0 /* ImageOperators.swift */; };
		D63109241FCFFD85009974D0 /* RGBAOperators.swift in Sources */ = {isa = PBXBuildFile; fileRef = D63109231FCFFD85009974D0 /* RGBAOperators.swift */; };
		D63109251FCFFD85009974D0 /* RGBAOperators.swift in Sources */ = {isa = PBXBuildFile; fileRef = D63109231FCFFD85009974D0 /* RGBAOperators.swift */; };
		D63109261FCFFD85009974D0 /* RGBAOperators.swift in Sources */ = {isa = PBXBuildFile; fileRef = D63109231FCFFD85009974D0 /* RGBAOperators.swift */; };
		D63109271FCFFD85009974D0 /* RGBAOperators.swift in Sources */ = {isa = PBXBuildFile; fileRef = D63109231FCFFD85009974D0 /* RGBAOperators.swift */; };
		D63109291FD0056B009974D0 /* RGBAOperatorsTests.swift in Sources */ = {isa = PBXBuildFile; fileRef = D63109281FD0056B009974D0 /* RGBAOperatorsTests.swift */; };
		D631092A1FD0056B009974D0 /* RGBAOperatorsTests.swift in Sources */ = {isa = PBXBuildFile; fileRef = D63109281FD0056B009974D0 /* RGBAOperatorsTests.swift */; };
		D631092B1FD0056B009974D0 /* RGBAOperatorsTests.swift in Sources */ = {isa = PBXBuildFile; fileRef = D63109281FD0056B009974D0 /* RGBAOperatorsTests.swift */; };
		D631092D1FD009B6009974D0 /* ImageOperatorsTests.swift in Sources */ = {isa = PBXBuildFile; fileRef = D631092C1FD009B6009974D0 /* ImageOperatorsTests.swift */; };
		D631092E1FD009B6009974D0 /* ImageOperatorsTests.swift in Sources */ = {isa = PBXBuildFile; fileRef = D631092C1FD009B6009974D0 /* ImageOperatorsTests.swift */; };
		D631092F1FD009B6009974D0 /* ImageOperatorsTests.swift in Sources */ = {isa = PBXBuildFile; fileRef = D631092C1FD009B6009974D0 /* ImageOperatorsTests.swift */; };
		D632C8AB21354DE20030D7D1 /* AppUIKitTests.swift in Sources */ = {isa = PBXBuildFile; fileRef = D632C8AA21354DE20030D7D1 /* AppUIKitTests.swift */; };
		D632C8AC21354DE20030D7D1 /* AppUIKitTests.swift in Sources */ = {isa = PBXBuildFile; fileRef = D632C8AA21354DE20030D7D1 /* AppUIKitTests.swift */; };
		D632C8AD21354DE20030D7D1 /* AppUIKitTests.swift in Sources */ = {isa = PBXBuildFile; fileRef = D632C8AA21354DE20030D7D1 /* AppUIKitTests.swift */; };
		D64CA245224DC1CF002D5B44 /* RGB.swift in Sources */ = {isa = PBXBuildFile; fileRef = D64CA244224DC1CF002D5B44 /* RGB.swift */; };
		D64CA246224DC1D4002D5B44 /* RGB.swift in Sources */ = {isa = PBXBuildFile; fileRef = D64CA244224DC1CF002D5B44 /* RGB.swift */; };
		D64CA247224DC1D4002D5B44 /* RGB.swift in Sources */ = {isa = PBXBuildFile; fileRef = D64CA244224DC1CF002D5B44 /* RGB.swift */; };
		D64CA248224DC1D5002D5B44 /* RGB.swift in Sources */ = {isa = PBXBuildFile; fileRef = D64CA244224DC1CF002D5B44 /* RGB.swift */; };
		D65D3FAA20D3B940004B0F7D /* PremultipliedRGBA.swift in Sources */ = {isa = PBXBuildFile; fileRef = D65D3FA920D3B940004B0F7D /* PremultipliedRGBA.swift */; };
		D65D3FAB20D3B940004B0F7D /* PremultipliedRGBA.swift in Sources */ = {isa = PBXBuildFile; fileRef = D65D3FA920D3B940004B0F7D /* PremultipliedRGBA.swift */; };
		D65D3FAC20D3B940004B0F7D /* PremultipliedRGBA.swift in Sources */ = {isa = PBXBuildFile; fileRef = D65D3FA920D3B940004B0F7D /* PremultipliedRGBA.swift */; };
		D65D3FAD20D3B940004B0F7D /* PremultipliedRGBA.swift in Sources */ = {isa = PBXBuildFile; fileRef = D65D3FA920D3B940004B0F7D /* PremultipliedRGBA.swift */; };
		D66840591F9F426200D1DE7F /* NumericPixel.swift in Sources */ = {isa = PBXBuildFile; fileRef = D66840581F9F426200D1DE7F /* NumericPixel.swift */; };
		D668405A1F9F427D00D1DE7F /* NumericPixel.swift in Sources */ = {isa = PBXBuildFile; fileRef = D66840581F9F426200D1DE7F /* NumericPixel.swift */; };
		D668405B1F9F427D00D1DE7F /* NumericPixel.swift in Sources */ = {isa = PBXBuildFile; fileRef = D66840581F9F426200D1DE7F /* NumericPixel.swift */; };
		D668405C1F9F427F00D1DE7F /* NumericPixel.swift in Sources */ = {isa = PBXBuildFile; fileRef = D66840581F9F426200D1DE7F /* NumericPixel.swift */; };
		D66AFEE520D78D47003FE64C /* PremultipliedRGBATests.swift in Sources */ = {isa = PBXBuildFile; fileRef = D66AFEE420D78D47003FE64C /* PremultipliedRGBATests.swift */; };
		D66AFEE620D78D47003FE64C /* PremultipliedRGBATests.swift in Sources */ = {isa = PBXBuildFile; fileRef = D66AFEE420D78D47003FE64C /* PremultipliedRGBATests.swift */; };
		D66AFEE720D78D47003FE64C /* PremultipliedRGBATests.swift in Sources */ = {isa = PBXBuildFile; fileRef = D66AFEE420D78D47003FE64C /* PremultipliedRGBATests.swift */; };
		D66AFEF520D90296003FE64C /* ImageIterator.swift in Sources */ = {isa = PBXBuildFile; fileRef = D66AFEF420D90296003FE64C /* ImageIterator.swift */; };
		D66AFEF620D90296003FE64C /* ImageIterator.swift in Sources */ = {isa = PBXBuildFile; fileRef = D66AFEF420D90296003FE64C /* ImageIterator.swift */; };
		D66AFEF720D90296003FE64C /* ImageIterator.swift in Sources */ = {isa = PBXBuildFile; fileRef = D66AFEF420D90296003FE64C /* ImageIterator.swift */; };
		D66AFEF820D90296003FE64C /* ImageIterator.swift in Sources */ = {isa = PBXBuildFile; fileRef = D66AFEF420D90296003FE64C /* ImageIterator.swift */; };
		D68F9AA4225C182200DA338D /* RGBTests.swift in Sources */ = {isa = PBXBuildFile; fileRef = D68F9AA3225C182100DA338D /* RGBTests.swift */; };
		D68F9AA5225C182200DA338D /* RGBTests.swift in Sources */ = {isa = PBXBuildFile; fileRef = D68F9AA3225C182100DA338D /* RGBTests.swift */; };
		D68F9AA6225C182200DA338D /* RGBTests.swift in Sources */ = {isa = PBXBuildFile; fileRef = D68F9AA3225C182100DA338D /* RGBTests.swift */; };
		D69BF7402336B90F0086E809 /* TypicalChannel.swift in Sources */ = {isa = PBXBuildFile; fileRef = D69BF73F2336B90F0086E809 /* TypicalChannel.swift */; };
		D69BF7422336C06E0086E809 /* TypicalChannel.swift in Sources */ = {isa = PBXBuildFile; fileRef = D69BF73F2336B90F0086E809 /* TypicalChannel.swift */; };
		D69BF7432336C06F0086E809 /* TypicalChannel.swift in Sources */ = {isa = PBXBuildFile; fileRef = D69BF73F2336B90F0086E809 /* TypicalChannel.swift */; };
		D69BF7442336C0700086E809 /* TypicalChannel.swift in Sources */ = {isa = PBXBuildFile; fileRef = D69BF73F2336B90F0086E809 /* TypicalChannel.swift */; };
		D6B4EE0E1FE0211700B6B7B0 /* Rotation.swift in Sources */ = {isa = PBXBuildFile; fileRef = D6B4EE0D1FE0211700B6B7B0 /* Rotation.swift */; };
		D6B4EE0F1FE0211700B6B7B0 /* Rotation.swift in Sources */ = {isa = PBXBuildFile; fileRef = D6B4EE0D1FE0211700B6B7B0 /* Rotation.swift */; };
		D6B4EE101FE0211700B6B7B0 /* Rotation.swift in Sources */ = {isa = PBXBuildFile; fileRef = D6B4EE0D1FE0211700B6B7B0 /* Rotation.swift */; };
		D6B4EE111FE0211700B6B7B0 /* Rotation.swift in Sources */ = {isa = PBXBuildFile; fileRef = D6B4EE0D1FE0211700B6B7B0 /* Rotation.swift */; };
		D6B4EE131FE0DC4100B6B7B0 /* RotationTests.swift in Sources */ = {isa = PBXBuildFile; fileRef = D6B4EE121FE0DC4100B6B7B0 /* RotationTests.swift */; };
		D6B4EE141FE0DC4100B6B7B0 /* RotationTests.swift in Sources */ = {isa = PBXBuildFile; fileRef = D6B4EE121FE0DC4100B6B7B0 /* RotationTests.swift */; };
		D6B4EE151FE0DC4100B6B7B0 /* RotationTests.swift in Sources */ = {isa = PBXBuildFile; fileRef = D6B4EE121FE0DC4100B6B7B0 /* RotationTests.swift */; };
		D6B4EE171FE2038000B6B7B0 /* ImageFormat.swift in Sources */ = {isa = PBXBuildFile; fileRef = D6B4EE161FE2038000B6B7B0 /* ImageFormat.swift */; };
		D6B4EE181FE2038000B6B7B0 /* ImageFormat.swift in Sources */ = {isa = PBXBuildFile; fileRef = D6B4EE161FE2038000B6B7B0 /* ImageFormat.swift */; };
		D6B4EE191FE2038000B6B7B0 /* ImageFormat.swift in Sources */ = {isa = PBXBuildFile; fileRef = D6B4EE161FE2038000B6B7B0 /* ImageFormat.swift */; };
		D6B4EE1A1FE2038000B6B7B0 /* ImageFormat.swift in Sources */ = {isa = PBXBuildFile; fileRef = D6B4EE161FE2038000B6B7B0 /* ImageFormat.swift */; };
		D6B4EE1C1FE25C0600B6B7B0 /* AnyImage.swift in Sources */ = {isa = PBXBuildFile; fileRef = D6B4EE1B1FE25C0600B6B7B0 /* AnyImage.swift */; };
		D6B4EE1D1FE25C0600B6B7B0 /* AnyImage.swift in Sources */ = {isa = PBXBuildFile; fileRef = D6B4EE1B1FE25C0600B6B7B0 /* AnyImage.swift */; };
		D6B4EE1E1FE25C0600B6B7B0 /* AnyImage.swift in Sources */ = {isa = PBXBuildFile; fileRef = D6B4EE1B1FE25C0600B6B7B0 /* AnyImage.swift */; };
		D6B4EE1F1FE25C0600B6B7B0 /* AnyImage.swift in Sources */ = {isa = PBXBuildFile; fileRef = D6B4EE1B1FE25C0600B6B7B0 /* AnyImage.swift */; };
		D6B4EE211FE2699700B6B7B0 /* AnyImageTests.swift in Sources */ = {isa = PBXBuildFile; fileRef = D6B4EE201FE2699700B6B7B0 /* AnyImageTests.swift */; };
		D6B4EE221FE2699700B6B7B0 /* AnyImageTests.swift in Sources */ = {isa = PBXBuildFile; fileRef = D6B4EE201FE2699700B6B7B0 /* AnyImageTests.swift */; };
		D6B4EE231FE2699700B6B7B0 /* AnyImageTests.swift in Sources */ = {isa = PBXBuildFile; fileRef = D6B4EE201FE2699700B6B7B0 /* AnyImageTests.swift */; };
		D6B4EE251FE2BF1F00B6B7B0 /* ExtrapolatedImage.swift in Sources */ = {isa = PBXBuildFile; fileRef = D6B4EE241FE2BF1F00B6B7B0 /* ExtrapolatedImage.swift */; };
		D6B4EE261FE2BF1F00B6B7B0 /* ExtrapolatedImage.swift in Sources */ = {isa = PBXBuildFile; fileRef = D6B4EE241FE2BF1F00B6B7B0 /* ExtrapolatedImage.swift */; };
		D6B4EE271FE2BF1F00B6B7B0 /* ExtrapolatedImage.swift in Sources */ = {isa = PBXBuildFile; fileRef = D6B4EE241FE2BF1F00B6B7B0 /* ExtrapolatedImage.swift */; };
		D6B4EE281FE2BF1F00B6B7B0 /* ExtrapolatedImage.swift in Sources */ = {isa = PBXBuildFile; fileRef = D6B4EE241FE2BF1F00B6B7B0 /* ExtrapolatedImage.swift */; };
		D6B4EE2A1FE4A1C300B6B7B0 /* Resizing.swift in Sources */ = {isa = PBXBuildFile; fileRef = D6B4EE291FE4A1C200B6B7B0 /* Resizing.swift */; };
		D6B4EE2B1FE4A1C300B6B7B0 /* Resizing.swift in Sources */ = {isa = PBXBuildFile; fileRef = D6B4EE291FE4A1C200B6B7B0 /* Resizing.swift */; };
		D6B4EE2C1FE4A1C300B6B7B0 /* Resizing.swift in Sources */ = {isa = PBXBuildFile; fileRef = D6B4EE291FE4A1C200B6B7B0 /* Resizing.swift */; };
		D6B4EE2D1FE4A1C300B6B7B0 /* Resizing.swift in Sources */ = {isa = PBXBuildFile; fileRef = D6B4EE291FE4A1C200B6B7B0 /* Resizing.swift */; };
		D6B8BF841FE57E22009C7C30 /* ResizingTests.swift in Sources */ = {isa = PBXBuildFile; fileRef = D6B8BF831FE57E22009C7C30 /* ResizingTests.swift */; };
		D6B8BF851FE57E22009C7C30 /* ResizingTests.swift in Sources */ = {isa = PBXBuildFile; fileRef = D6B8BF831FE57E22009C7C30 /* ResizingTests.swift */; };
		D6B8BF861FE57E22009C7C30 /* ResizingTests.swift in Sources */ = {isa = PBXBuildFile; fileRef = D6B8BF831FE57E22009C7C30 /* ResizingTests.swift */; };
		D6C05E3F225612E9007AB9CD /* ColorLiteral.swift in Sources */ = {isa = PBXBuildFile; fileRef = D6C05E3E225612E9007AB9CD /* ColorLiteral.swift */; };
		D6C05E40225612E9007AB9CD /* ColorLiteral.swift in Sources */ = {isa = PBXBuildFile; fileRef = D6C05E3E225612E9007AB9CD /* ColorLiteral.swift */; };
		D6C05E41225612E9007AB9CD /* ColorLiteral.swift in Sources */ = {isa = PBXBuildFile; fileRef = D6C05E3E225612E9007AB9CD /* ColorLiteral.swift */; };
		D6C05E42225612E9007AB9CD /* ColorLiteral.swift in Sources */ = {isa = PBXBuildFile; fileRef = D6C05E3E225612E9007AB9CD /* ColorLiteral.swift */; };
		D6C05E4422561545007AB9CD /* ColorLiteralTests.swift in Sources */ = {isa = PBXBuildFile; fileRef = D6C05E4322561545007AB9CD /* ColorLiteralTests.swift */; };
		D6C05E4522561545007AB9CD /* ColorLiteralTests.swift in Sources */ = {isa = PBXBuildFile; fileRef = D6C05E4322561545007AB9CD /* ColorLiteralTests.swift */; };
		D6C05E4622561545007AB9CD /* ColorLiteralTests.swift in Sources */ = {isa = PBXBuildFile; fileRef = D6C05E4322561545007AB9CD /* ColorLiteralTests.swift */; };
		D6C1C01E1FDFCB2500CAA6C4 /* HigherOrderFunctionsTests.swift in Sources */ = {isa = PBXBuildFile; fileRef = D6C1C01D1FDFCB2500CAA6C4 /* HigherOrderFunctionsTests.swift */; };
		D6C1C01F1FDFCB2500CAA6C4 /* HigherOrderFunctionsTests.swift in Sources */ = {isa = PBXBuildFile; fileRef = D6C1C01D1FDFCB2500CAA6C4 /* HigherOrderFunctionsTests.swift */; };
		D6C1C0201FDFCB2500CAA6C4 /* HigherOrderFunctionsTests.swift in Sources */ = {isa = PBXBuildFile; fileRef = D6C1C01D1FDFCB2500CAA6C4 /* HigherOrderFunctionsTests.swift */; };
		D6D33DBB1FD97A8B00256FD0 /* ImageProtocolTests.swift in Sources */ = {isa = PBXBuildFile; fileRef = D6D33DBA1FD97A8B00256FD0 /* ImageProtocolTests.swift */; };
		D6D33DBC1FD97A8B00256FD0 /* ImageProtocolTests.swift in Sources */ = {isa = PBXBuildFile; fileRef = D6D33DBA1FD97A8B00256FD0 /* ImageProtocolTests.swift */; };
		D6D33DBD1FD97A8B00256FD0 /* ImageProtocolTests.swift in Sources */ = {isa = PBXBuildFile; fileRef = D6D33DBA1FD97A8B00256FD0 /* ImageProtocolTests.swift */; };
		D6FAC86A1FD1938400509BCB /* ImageProtocol.swift in Sources */ = {isa = PBXBuildFile; fileRef = D6FAC8691FD1938400509BCB /* ImageProtocol.swift */; };
		D6FAC86B1FD1938400509BCB /* ImageProtocol.swift in Sources */ = {isa = PBXBuildFile; fileRef = D6FAC8691FD1938400509BCB /* ImageProtocol.swift */; };
		D6FAC86C1FD1938400509BCB /* ImageProtocol.swift in Sources */ = {isa = PBXBuildFile; fileRef = D6FAC8691FD1938400509BCB /* ImageProtocol.swift */; };
		D6FAC86D1FD1938400509BCB /* ImageProtocol.swift in Sources */ = {isa = PBXBuildFile; fileRef = D6FAC8691FD1938400509BCB /* ImageProtocol.swift */; };
/* End PBXBuildFile section */

/* Begin PBXContainerItemProxy section */
		D6134A191F85226D005592A2 /* PBXContainerItemProxy */ = {
			isa = PBXContainerItemProxy;
			containerPortal = D6134A051F85226C005592A2 /* Project object */;
			proxyType = 1;
			remoteGlobalIDString = D6134A0D1F85226C005592A2;
			remoteInfo = SwiftImage;
		};
		D6134A6A1F852C80005592A2 /* PBXContainerItemProxy */ = {
			isa = PBXContainerItemProxy;
			containerPortal = D6134A051F85226C005592A2 /* Project object */;
			proxyType = 1;
			remoteGlobalIDString = D6134A5F1F852C80005592A2;
			remoteInfo = "SwiftImage-macOS";
		};
		D6134AAC1F85D1FA005592A2 /* PBXContainerItemProxy */ = {
			isa = PBXContainerItemProxy;
			containerPortal = D6134A051F85226C005592A2 /* Project object */;
			proxyType = 1;
			remoteGlobalIDString = D6134AA11F85D1F9005592A2;
			remoteInfo = "SwiftImage-tvOS";
		};
/* End PBXContainerItemProxy section */

/* Begin PBXFileReference section */
		D6134A0E1F85226C005592A2 /* SwiftImage.framework */ = {isa = PBXFileReference; explicitFileType = wrapper.framework; includeInIndex = 0; path = SwiftImage.framework; sourceTree = BUILT_PRODUCTS_DIR; };
		D6134A171F85226D005592A2 /* SwiftImageTests-iOS.xctest */ = {isa = PBXFileReference; explicitFileType = wrapper.cfbundle; includeInIndex = 0; path = "SwiftImageTests-iOS.xctest"; sourceTree = BUILT_PRODUCTS_DIR; };
		D6134A2A1F852A49005592A2 /* SwiftImage.h */ = {isa = PBXFileReference; lastKnownFileType = sourcecode.c.h; path = SwiftImage.h; sourceTree = "<group>"; };
		D6134A2B1F852A49005592A2 /* Image.swift */ = {isa = PBXFileReference; lastKnownFileType = sourcecode.swift; path = Image.swift; sourceTree = "<group>"; };
		D6134A2C1F852A49005592A2 /* AppKit.swift */ = {isa = PBXFileReference; lastKnownFileType = sourcecode.swift; path = AppKit.swift; sourceTree = "<group>"; };
		D6134A2D1F852A49005592A2 /* CoreGraphics.swift */ = {isa = PBXFileReference; lastKnownFileType = sourcecode.swift; path = CoreGraphics.swift; sourceTree = "<group>"; };
		D6134A2E1F852A49005592A2 /* ImageSlice.swift */ = {isa = PBXFileReference; lastKnownFileType = sourcecode.swift; path = ImageSlice.swift; sourceTree = "<group>"; };
		D6134A301F852A49005592A2 /* UIKit.swift */ = {isa = PBXFileReference; lastKnownFileType = sourcecode.swift; path = UIKit.swift; sourceTree = "<group>"; };
		D6134A311F852A49005592A2 /* Info.plist */ = {isa = PBXFileReference; lastKnownFileType = text.plist.xml; path = Info.plist; sourceTree = "<group>"; };
		D6134A371F852A49005592A2 /* RGBA.swift */ = {isa = PBXFileReference; lastKnownFileType = sourcecode.swift; path = RGBA.swift; sourceTree = "<group>"; };
		D6134A381F852A49005592A2 /* Util.swift */ = {isa = PBXFileReference; lastKnownFileType = sourcecode.swift; path = Util.swift; sourceTree = "<group>"; };
		D6134A3B1F852A57005592A2 /* SwiftImageTests.swift */ = {isa = PBXFileReference; lastKnownFileType = sourcecode.swift; path = SwiftImageTests.swift; sourceTree = "<group>"; };
		D6134A3C1F852A57005592A2 /* AppKitTests.swift */ = {isa = PBXFileReference; lastKnownFileType = sourcecode.swift; path = AppKitTests.swift; sourceTree = "<group>"; };
		D6134A3D1F852A57005592A2 /* CoreGraphicsTests.swift */ = {isa = PBXFileReference; lastKnownFileType = sourcecode.swift; path = CoreGraphicsTests.swift; sourceTree = "<group>"; };
		D6134A3E1F852A57005592A2 /* ImageSliceTests.swift */ = {isa = PBXFileReference; lastKnownFileType = sourcecode.swift; path = ImageSliceTests.swift; sourceTree = "<group>"; };
		D6134A3F1F852A57005592A2 /* ImageTests.swift */ = {isa = PBXFileReference; lastKnownFileType = sourcecode.swift; path = ImageTests.swift; sourceTree = "<group>"; };
		D6134A401F852A57005592A2 /* Info.plist */ = {isa = PBXFileReference; lastKnownFileType = text.plist.xml; path = Info.plist; sourceTree = "<group>"; };
		D6134A411F852A57005592A2 /* RGBATests.swift */ = {isa = PBXFileReference; lastKnownFileType = sourcecode.swift; path = RGBATests.swift; sourceTree = "<group>"; };
		D6134A601F852C80005592A2 /* SwiftImage.framework */ = {isa = PBXFileReference; explicitFileType = wrapper.framework; includeInIndex = 0; path = SwiftImage.framework; sourceTree = BUILT_PRODUCTS_DIR; };
		D6134A681F852C80005592A2 /* SwiftImageTests.xctest */ = {isa = PBXFileReference; explicitFileType = wrapper.cfbundle; includeInIndex = 0; path = SwiftImageTests.xctest; sourceTree = BUILT_PRODUCTS_DIR; };
		D6134AA21F85D1F9005592A2 /* SwiftImage.framework */ = {isa = PBXFileReference; explicitFileType = wrapper.framework; includeInIndex = 0; path = SwiftImage.framework; sourceTree = BUILT_PRODUCTS_DIR; };
		D6134AAA1F85D1FA005592A2 /* SwiftImageTests.xctest */ = {isa = PBXFileReference; explicitFileType = wrapper.cfbundle; includeInIndex = 0; path = SwiftImageTests.xctest; sourceTree = BUILT_PRODUCTS_DIR; };
		D6134AD21F85D800005592A2 /* SwiftImage.framework */ = {isa = PBXFileReference; explicitFileType = wrapper.framework; includeInIndex = 0; path = SwiftImage.framework; sourceTree = BUILT_PRODUCTS_DIR; };
		D62285B9221171A3006A6D9C /* AutoreleaseTests.swift */ = {isa = PBXFileReference; fileEncoding = 4; lastKnownFileType = sourcecode.swift; path = AutoreleaseTests.swift; sourceTree = "<group>"; };
		D62C6EC11FCBA67500E7DF02 /* UIKitTests.swift */ = {isa = PBXFileReference; lastKnownFileType = sourcecode.swift; path = UIKitTests.swift; sourceTree = "<group>"; };
		D62C6EC61FCC18E600E7DF02 /* HigherOrderFunctions.swift */ = {isa = PBXFileReference; lastKnownFileType = sourcecode.swift; path = HigherOrderFunctions.swift; sourceTree = "<group>"; };
		D62C6ED01FCD666600E7DF02 /* Util.swift */ = {isa = PBXFileReference; lastKnownFileType = sourcecode.swift; path = Util.swift; sourceTree = "<group>"; };
		D62C6ED41FCE55EB00E7DF02 /* Interpolation.swift */ = {isa = PBXFileReference; lastKnownFileType = sourcecode.swift; path = Interpolation.swift; sourceTree = "<group>"; };
		D62C6ED91FCE5F7600E7DF02 /* InterpolationTests.swift */ = {isa = PBXFileReference; lastKnownFileType = sourcecode.swift; path = InterpolationTests.swift; sourceTree = "<group>"; };
		D62C6EDE1FCE6BD800E7DF02 /* Extrapolation.swift */ = {isa = PBXFileReference; lastKnownFileType = sourcecode.swift; path = Extrapolation.swift; sourceTree = "<group>"; };
		D62C6EE31FCE8F1800E7DF02 /* ExtrapolationTests.swift */ = {isa = PBXFileReference; lastKnownFileType = sourcecode.swift; path = ExtrapolationTests.swift; sourceTree = "<group>"; };
		D63109111FCFD7DE009974D0 /* Convolution.swift */ = {isa = PBXFileReference; lastKnownFileType = sourcecode.swift; path = Convolution.swift; sourceTree = "<group>"; };
		D63109161FCFF252009974D0 /* ConvolutionTests.swift */ = {isa = PBXFileReference; lastKnownFileType = sourcecode.swift; path = ConvolutionTests.swift; sourceTree = "<group>"; };
		D631091E1FCFFB4C009974D0 /* ImageOperators.swift */ = {isa = PBXFileReference; lastKnownFileType = sourcecode.swift; path = ImageOperators.swift; sourceTree = "<group>"; };
		D63109231FCFFD85009974D0 /* RGBAOperators.swift */ = {isa = PBXFileReference; lastKnownFileType = sourcecode.swift; path = RGBAOperators.swift; sourceTree = "<group>"; };
		D63109281FD0056B009974D0 /* RGBAOperatorsTests.swift */ = {isa = PBXFileReference; lastKnownFileType = sourcecode.swift; path = RGBAOperatorsTests.swift; sourceTree = "<group>"; };
		D631092C1FD009B6009974D0 /* ImageOperatorsTests.swift */ = {isa = PBXFileReference; lastKnownFileType = sourcecode.swift; path = ImageOperatorsTests.swift; sourceTree = "<group>"; };
		D632C8AA21354DE20030D7D1 /* AppUIKitTests.swift */ = {isa = PBXFileReference; lastKnownFileType = sourcecode.swift; path = AppUIKitTests.swift; sourceTree = "<group>"; };
		D64CA244224DC1CF002D5B44 /* RGB.swift */ = {isa = PBXFileReference; lastKnownFileType = sourcecode.swift; path = RGB.swift; sourceTree = "<group>"; };
		D65D3FA920D3B940004B0F7D /* PremultipliedRGBA.swift */ = {isa = PBXFileReference; lastKnownFileType = sourcecode.swift; path = PremultipliedRGBA.swift; sourceTree = "<group>"; };
		D66840581F9F426200D1DE7F /* NumericPixel.swift */ = {isa = PBXFileReference; lastKnownFileType = sourcecode.swift; path = NumericPixel.swift; sourceTree = "<group>"; };
		D66AFEE420D78D47003FE64C /* PremultipliedRGBATests.swift */ = {isa = PBXFileReference; lastKnownFileType = sourcecode.swift; path = PremultipliedRGBATests.swift; sourceTree = "<group>"; };
		D66AFEF420D90296003FE64C /* ImageIterator.swift */ = {isa = PBXFileReference; lastKnownFileType = sourcecode.swift; path = ImageIterator.swift; sourceTree = "<group>"; };
		D68F9AA3225C182100DA338D /* RGBTests.swift */ = {isa = PBXFileReference; lastKnownFileType = sourcecode.swift; path = RGBTests.swift; sourceTree = "<group>"; };
		D69BF73F2336B90F0086E809 /* TypicalChannel.swift */ = {isa = PBXFileReference; lastKnownFileType = sourcecode.swift; path = TypicalChannel.swift; sourceTree = "<group>"; };
		D6B4EE0D1FE0211700B6B7B0 /* Rotation.swift */ = {isa = PBXFileReference; lastKnownFileType = sourcecode.swift; path = Rotation.swift; sourceTree = "<group>"; };
		D6B4EE121FE0DC4100B6B7B0 /* RotationTests.swift */ = {isa = PBXFileReference; lastKnownFileType = sourcecode.swift; path = RotationTests.swift; sourceTree = "<group>"; };
		D6B4EE161FE2038000B6B7B0 /* ImageFormat.swift */ = {isa = PBXFileReference; lastKnownFileType = sourcecode.swift; path = ImageFormat.swift; sourceTree = "<group>"; };
		D6B4EE1B1FE25C0600B6B7B0 /* AnyImage.swift */ = {isa = PBXFileReference; lastKnownFileType = sourcecode.swift; path = AnyImage.swift; sourceTree = "<group>"; };
		D6B4EE201FE2699700B6B7B0 /* AnyImageTests.swift */ = {isa = PBXFileReference; lastKnownFileType = sourcecode.swift; path = AnyImageTests.swift; sourceTree = "<group>"; };
		D6B4EE241FE2BF1F00B6B7B0 /* ExtrapolatedImage.swift */ = {isa = PBXFileReference; lastKnownFileType = sourcecode.swift; path = ExtrapolatedImage.swift; sourceTree = "<group>"; };
		D6B4EE291FE4A1C200B6B7B0 /* Resizing.swift */ = {isa = PBXFileReference; lastKnownFileType = sourcecode.swift; path = Resizing.swift; sourceTree = "<group>"; };
		D6B8BF831FE57E22009C7C30 /* ResizingTests.swift */ = {isa = PBXFileReference; lastKnownFileType = sourcecode.swift; path = ResizingTests.swift; sourceTree = "<group>"; };
		D6C05E3E225612E9007AB9CD /* ColorLiteral.swift */ = {isa = PBXFileReference; lastKnownFileType = sourcecode.swift; path = ColorLiteral.swift; sourceTree = "<group>"; };
		D6C05E4322561545007AB9CD /* ColorLiteralTests.swift */ = {isa = PBXFileReference; lastKnownFileType = sourcecode.swift; path = ColorLiteralTests.swift; sourceTree = "<group>"; };
		D6C1C01D1FDFCB2500CAA6C4 /* HigherOrderFunctionsTests.swift */ = {isa = PBXFileReference; lastKnownFileType = sourcecode.swift; path = HigherOrderFunctionsTests.swift; sourceTree = "<group>"; };
		D6D33DBA1FD97A8B00256FD0 /* ImageProtocolTests.swift */ = {isa = PBXFileReference; lastKnownFileType = sourcecode.swift; path = ImageProtocolTests.swift; sourceTree = "<group>"; };
		D6FAC8691FD1938400509BCB /* ImageProtocol.swift */ = {isa = PBXFileReference; lastKnownFileType = sourcecode.swift; path = ImageProtocol.swift; sourceTree = "<group>"; };
/* End PBXFileReference section */

/* Begin PBXFrameworksBuildPhase section */
		D6134A0A1F85226C005592A2 /* Frameworks */ = {
			isa = PBXFrameworksBuildPhase;
			buildActionMask = 2147483647;
			files = (
			);
			runOnlyForDeploymentPostprocessing = 0;
		};
		D6134A141F85226D005592A2 /* Frameworks */ = {
			isa = PBXFrameworksBuildPhase;
			buildActionMask = 2147483647;
			files = (
				D6134A181F85226D005592A2 /* SwiftImage.framework in Frameworks */,
			);
			runOnlyForDeploymentPostprocessing = 0;
		};
		D6134A5C1F852C80005592A2 /* Frameworks */ = {
			isa = PBXFrameworksBuildPhase;
			buildActionMask = 2147483647;
			files = (
			);
			runOnlyForDeploymentPostprocessing = 0;
		};
		D6134A651F852C80005592A2 /* Frameworks */ = {
			isa = PBXFrameworksBuildPhase;
			buildActionMask = 2147483647;
			files = (
				D6134A691F852C80005592A2 /* SwiftImage.framework in Frameworks */,
			);
			runOnlyForDeploymentPostprocessing = 0;
		};
		D6134A9E1F85D1F9005592A2 /* Frameworks */ = {
			isa = PBXFrameworksBuildPhase;
			buildActionMask = 2147483647;
			files = (
			);
			runOnlyForDeploymentPostprocessing = 0;
		};
		D6134AA71F85D1FA005592A2 /* Frameworks */ = {
			isa = PBXFrameworksBuildPhase;
			buildActionMask = 2147483647;
			files = (
				D6134AAB1F85D1FA005592A2 /* SwiftImage.framework in Frameworks */,
			);
			runOnlyForDeploymentPostprocessing = 0;
		};
		D6134ACE1F85D800005592A2 /* Frameworks */ = {
			isa = PBXFrameworksBuildPhase;
			buildActionMask = 2147483647;
			files = (
			);
			runOnlyForDeploymentPostprocessing = 0;
		};
/* End PBXFrameworksBuildPhase section */

/* Begin PBXGroup section */
		D6134A041F85226C005592A2 = {
			isa = PBXGroup;
			children = (
				D6134A281F852A49005592A2 /* Sources */,
				D6134A391F852A57005592A2 /* Tests */,
				D6134A0F1F85226C005592A2 /* Products */,
			);
			sourceTree = "<group>";
		};
		D6134A0F1F85226C005592A2 /* Products */ = {
			isa = PBXGroup;
			children = (
				D6134A0E1F85226C005592A2 /* SwiftImage.framework */,
				D6134A171F85226D005592A2 /* SwiftImageTests-iOS.xctest */,
				D6134A601F852C80005592A2 /* SwiftImage.framework */,
				D6134A681F852C80005592A2 /* SwiftImageTests.xctest */,
				D6134AA21F85D1F9005592A2 /* SwiftImage.framework */,
				D6134AAA1F85D1FA005592A2 /* SwiftImageTests.xctest */,
				D6134AD21F85D800005592A2 /* SwiftImage.framework */,
			);
			name = Products;
			sourceTree = "<group>";
		};
		D6134A281F852A49005592A2 /* Sources */ = {
			isa = PBXGroup;
			children = (
				D6134A291F852A49005592A2 /* SwiftImage */,
			);
			path = Sources;
			sourceTree = "<group>";
		};
		D6134A291F852A49005592A2 /* SwiftImage */ = {
			isa = PBXGroup;
			children = (
				D6B4EE1B1FE25C0600B6B7B0 /* AnyImage.swift */,
				D6134A2C1F852A49005592A2 /* AppKit.swift */,
				D6C05E3E225612E9007AB9CD /* ColorLiteral.swift */,
				D63109111FCFD7DE009974D0 /* Convolution.swift */,
				D6134A2D1F852A49005592A2 /* CoreGraphics.swift */,
				D6B4EE241FE2BF1F00B6B7B0 /* ExtrapolatedImage.swift */,
				D62C6EDE1FCE6BD800E7DF02 /* Extrapolation.swift */,
				D62C6EC61FCC18E600E7DF02 /* HigherOrderFunctions.swift */,
				D6134A2B1F852A49005592A2 /* Image.swift */,
				D6B4EE161FE2038000B6B7B0 /* ImageFormat.swift */,
				D66AFEF420D90296003FE64C /* ImageIterator.swift */,
				D631091E1FCFFB4C009974D0 /* ImageOperators.swift */,
				D6FAC8691FD1938400509BCB /* ImageProtocol.swift */,
				D6134A2E1F852A49005592A2 /* ImageSlice.swift */,
				D6134A311F852A49005592A2 /* Info.plist */,
				D62C6ED41FCE55EB00E7DF02 /* Interpolation.swift */,
				D66840581F9F426200D1DE7F /* NumericPixel.swift */,
				D65D3FA920D3B940004B0F7D /* PremultipliedRGBA.swift */,
				D6B4EE291FE4A1C200B6B7B0 /* Resizing.swift */,
				D64CA244224DC1CF002D5B44 /* RGB.swift */,
				D6134A371F852A49005592A2 /* RGBA.swift */,
				D63109231FCFFD85009974D0 /* RGBAOperators.swift */,
				D6B4EE0D1FE0211700B6B7B0 /* Rotation.swift */,
				D6134A2A1F852A49005592A2 /* SwiftImage.h */,
				D69BF73F2336B90F0086E809 /* TypicalChannel.swift */,
				D6134A301F852A49005592A2 /* UIKit.swift */,
				D6134A381F852A49005592A2 /* Util.swift */,
			);
			path = SwiftImage;
			sourceTree = "<group>";
		};
		D6134A391F852A57005592A2 /* Tests */ = {
			isa = PBXGroup;
			children = (
				D6134A3A1F852A57005592A2 /* SwiftImageTests */,
			);
			path = Tests;
			sourceTree = "<group>";
		};
		D6134A3A1F852A57005592A2 /* SwiftImageTests */ = {
			isa = PBXGroup;
			children = (
				D6B4EE201FE2699700B6B7B0 /* AnyImageTests.swift */,
				D6134A3C1F852A57005592A2 /* AppKitTests.swift */,
				D632C8AA21354DE20030D7D1 /* AppUIKitTests.swift */,
				D62285B9221171A3006A6D9C /* AutoreleaseTests.swift */,
				D6C05E4322561545007AB9CD /* ColorLiteralTests.swift */,
				D63109161FCFF252009974D0 /* ConvolutionTests.swift */,
				D6134A3D1F852A57005592A2 /* CoreGraphicsTests.swift */,
				D62C6EE31FCE8F1800E7DF02 /* ExtrapolationTests.swift */,
				D6C1C01D1FDFCB2500CAA6C4 /* HigherOrderFunctionsTests.swift */,
				D631092C1FD009B6009974D0 /* ImageOperatorsTests.swift */,
				D6D33DBA1FD97A8B00256FD0 /* ImageProtocolTests.swift */,
				D6134A3E1F852A57005592A2 /* ImageSliceTests.swift */,
				D6134A3F1F852A57005592A2 /* ImageTests.swift */,
				D6134A401F852A57005592A2 /* Info.plist */,
				D62C6ED91FCE5F7600E7DF02 /* InterpolationTests.swift */,
				D66AFEE420D78D47003FE64C /* PremultipliedRGBATests.swift */,
				D6B8BF831FE57E22009C7C30 /* ResizingTests.swift */,
				D68F9AA3225C182100DA338D /* RGBTests.swift */,
				D6134A411F852A57005592A2 /* RGBATests.swift */,
				D63109281FD0056B009974D0 /* RGBAOperatorsTests.swift */,
				D6B4EE121FE0DC4100B6B7B0 /* RotationTests.swift */,
				D6134A3B1F852A57005592A2 /* SwiftImageTests.swift */,
				D62C6EC11FCBA67500E7DF02 /* UIKitTests.swift */,
				D62C6ED01FCD666600E7DF02 /* Util.swift */,
			);
			path = SwiftImageTests;
			sourceTree = "<group>";
		};
/* End PBXGroup section */

/* Begin PBXHeadersBuildPhase section */
		D6134A0B1F85226C005592A2 /* Headers */ = {
			isa = PBXHeadersBuildPhase;
			buildActionMask = 2147483647;
			files = (
				D6134B0A1F85DC64005592A2 /* SwiftImage.h in Headers */,
			);
			runOnlyForDeploymentPostprocessing = 0;
		};
		D6134A5D1F852C80005592A2 /* Headers */ = {
			isa = PBXHeadersBuildPhase;
			buildActionMask = 2147483647;
			files = (
				D6134A8F1F85CFA4005592A2 /* SwiftImage.h in Headers */,
			);
			runOnlyForDeploymentPostprocessing = 0;
		};
		D6134A9F1F85D1F9005592A2 /* Headers */ = {
			isa = PBXHeadersBuildPhase;
			buildActionMask = 2147483647;
			files = (
				D6134AB91F85D2AF005592A2 /* SwiftImage.h in Headers */,
			);
			runOnlyForDeploymentPostprocessing = 0;
		};
		D6134ACF1F85D800005592A2 /* Headers */ = {
			isa = PBXHeadersBuildPhase;
			buildActionMask = 2147483647;
			files = (
				D6134ADA1F85DA5C005592A2 /* SwiftImage.h in Headers */,
			);
			runOnlyForDeploymentPostprocessing = 0;
		};
/* End PBXHeadersBuildPhase section */

/* Begin PBXNativeTarget section */
		D6134A0D1F85226C005592A2 /* SwiftImage-iOS */ = {
			isa = PBXNativeTarget;
			buildConfigurationList = D6134A221F85226D005592A2 /* Build configuration list for PBXNativeTarget "SwiftImage-iOS" */;
			buildPhases = (
				D6134A091F85226C005592A2 /* Sources */,
				D6134A0A1F85226C005592A2 /* Frameworks */,
				D6134A0B1F85226C005592A2 /* Headers */,
				D6134A0C1F85226C005592A2 /* Resources */,
			);
			buildRules = (
			);
			dependencies = (
			);
			name = "SwiftImage-iOS";
			productName = SwiftImage;
			productReference = D6134A0E1F85226C005592A2 /* SwiftImage.framework */;
			productType = "com.apple.product-type.framework";
		};
		D6134A161F85226D005592A2 /* SwiftImageTests-iOS */ = {
			isa = PBXNativeTarget;
			buildConfigurationList = D6134A251F85226D005592A2 /* Build configuration list for PBXNativeTarget "SwiftImageTests-iOS" */;
			buildPhases = (
				D6134A131F85226D005592A2 /* Sources */,
				D6134A141F85226D005592A2 /* Frameworks */,
				D6134A151F85226D005592A2 /* Resources */,
			);
			buildRules = (
			);
			dependencies = (
				D6134A1A1F85226D005592A2 /* PBXTargetDependency */,
			);
			name = "SwiftImageTests-iOS";
			productName = SwiftImageTests;
			productReference = D6134A171F85226D005592A2 /* SwiftImageTests-iOS.xctest */;
			productType = "com.apple.product-type.bundle.unit-test";
		};
		D6134A5F1F852C80005592A2 /* SwiftImage-macOS */ = {
			isa = PBXNativeTarget;
			buildConfigurationList = D6134A711F852C80005592A2 /* Build configuration list for PBXNativeTarget "SwiftImage-macOS" */;
			buildPhases = (
				D6134A5B1F852C80005592A2 /* Sources */,
				D6134A5C1F852C80005592A2 /* Frameworks */,
				D6134A5D1F852C80005592A2 /* Headers */,
				D6134A5E1F852C80005592A2 /* Resources */,
			);
			buildRules = (
			);
			dependencies = (
			);
			name = "SwiftImage-macOS";
			productName = "SwiftImage-macOS";
			productReference = D6134A601F852C80005592A2 /* SwiftImage.framework */;
			productType = "com.apple.product-type.framework";
		};
		D6134A671F852C80005592A2 /* SwiftImageTests-macOS */ = {
			isa = PBXNativeTarget;
			buildConfigurationList = D6134A741F852C80005592A2 /* Build configuration list for PBXNativeTarget "SwiftImageTests-macOS" */;
			buildPhases = (
				D6134A641F852C80005592A2 /* Sources */,
				D6134A651F852C80005592A2 /* Frameworks */,
				D6134A661F852C80005592A2 /* Resources */,
			);
			buildRules = (
			);
			dependencies = (
				D6134A6B1F852C80005592A2 /* PBXTargetDependency */,
			);
			name = "SwiftImageTests-macOS";
			productName = "SwiftImage-macOSTests";
			productReference = D6134A681F852C80005592A2 /* SwiftImageTests.xctest */;
			productType = "com.apple.product-type.bundle.unit-test";
		};
		D6134AA11F85D1F9005592A2 /* SwiftImage-tvOS */ = {
			isa = PBXNativeTarget;
			buildConfigurationList = D6134AB71F85D1FA005592A2 /* Build configuration list for PBXNativeTarget "SwiftImage-tvOS" */;
			buildPhases = (
				D6134A9D1F85D1F9005592A2 /* Sources */,
				D6134A9E1F85D1F9005592A2 /* Frameworks */,
				D6134A9F1F85D1F9005592A2 /* Headers */,
				D6134AA01F85D1F9005592A2 /* Resources */,
			);
			buildRules = (
			);
			dependencies = (
			);
			name = "SwiftImage-tvOS";
			productName = "SwiftImage-tvOS";
			productReference = D6134AA21F85D1F9005592A2 /* SwiftImage.framework */;
			productType = "com.apple.product-type.framework";
		};
		D6134AA91F85D1FA005592A2 /* SwiftImageTests-tvOS */ = {
			isa = PBXNativeTarget;
			buildConfigurationList = D6134AB81F85D1FA005592A2 /* Build configuration list for PBXNativeTarget "SwiftImageTests-tvOS" */;
			buildPhases = (
				D6134AA61F85D1FA005592A2 /* Sources */,
				D6134AA71F85D1FA005592A2 /* Frameworks */,
				D6134AA81F85D1FA005592A2 /* Resources */,
			);
			buildRules = (
			);
			dependencies = (
				D6134AAD1F85D1FA005592A2 /* PBXTargetDependency */,
			);
			name = "SwiftImageTests-tvOS";
			productName = "SwiftImage-tvOSTests";
			productReference = D6134AAA1F85D1FA005592A2 /* SwiftImageTests.xctest */;
			productType = "com.apple.product-type.bundle.unit-test";
		};
		D6134AD11F85D800005592A2 /* SwiftImage-watchOS */ = {
			isa = PBXNativeTarget;
			buildConfigurationList = D6134AD71F85D800005592A2 /* Build configuration list for PBXNativeTarget "SwiftImage-watchOS" */;
			buildPhases = (
				D6134ACD1F85D800005592A2 /* Sources */,
				D6134ACE1F85D800005592A2 /* Frameworks */,
				D6134ACF1F85D800005592A2 /* Headers */,
				D6134AD01F85D800005592A2 /* Resources */,
			);
			buildRules = (
			);
			dependencies = (
			);
			name = "SwiftImage-watchOS";
			productName = "SwiftImage-watchOS";
			productReference = D6134AD21F85D800005592A2 /* SwiftImage.framework */;
			productType = "com.apple.product-type.framework";
		};
/* End PBXNativeTarget section */

/* Begin PBXProject section */
		D6134A051F85226C005592A2 /* Project object */ = {
			isa = PBXProject;
			attributes = {
				LastSwiftUpdateCheck = 0900;
				LastUpgradeCheck = 0940;
				ORGANIZATIONNAME = koherent.org;
				TargetAttributes = {
					D6134A0D1F85226C005592A2 = {
						CreatedOnToolsVersion = 9.0;
						ProvisioningStyle = Automatic;
					};
					D6134A161F85226D005592A2 = {
						CreatedOnToolsVersion = 9.0;
						ProvisioningStyle = Automatic;
					};
					D6134A5F1F852C80005592A2 = {
						CreatedOnToolsVersion = 9.0;
						LastSwiftMigration = 1020;
						ProvisioningStyle = Automatic;
					};
					D6134A671F852C80005592A2 = {
						CreatedOnToolsVersion = 9.0;
						LastSwiftMigration = 1020;
						ProvisioningStyle = Automatic;
					};
					D6134AA11F85D1F9005592A2 = {
						CreatedOnToolsVersion = 9.0;
						ProvisioningStyle = Automatic;
					};
					D6134AA91F85D1FA005592A2 = {
						CreatedOnToolsVersion = 9.0;
						ProvisioningStyle = Automatic;
					};
					D6134AD11F85D800005592A2 = {
						CreatedOnToolsVersion = 9.0;
						ProvisioningStyle = Automatic;
					};
				};
			};
			buildConfigurationList = D6134A081F85226C005592A2 /* Build configuration list for PBXProject "SwiftImage" */;
			compatibilityVersion = "Xcode 8.0";
			developmentRegion = en;
			hasScannedForEncodings = 0;
			knownRegions = (
				en,
			);
			mainGroup = D6134A041F85226C005592A2;
			productRefGroup = D6134A0F1F85226C005592A2 /* Products */;
			projectDirPath = "";
			projectRoot = "";
			targets = (
				D6134A0D1F85226C005592A2 /* SwiftImage-iOS */,
				D6134A161F85226D005592A2 /* SwiftImageTests-iOS */,
				D6134A5F1F852C80005592A2 /* SwiftImage-macOS */,
				D6134A671F852C80005592A2 /* SwiftImageTests-macOS */,
				D6134AA11F85D1F9005592A2 /* SwiftImage-tvOS */,
				D6134AA91F85D1FA005592A2 /* SwiftImageTests-tvOS */,
				D6134AD11F85D800005592A2 /* SwiftImage-watchOS */,
			);
		};
/* End PBXProject section */

/* Begin PBXResourcesBuildPhase section */
		D6134A0C1F85226C005592A2 /* Resources */ = {
			isa = PBXResourcesBuildPhase;
			buildActionMask = 2147483647;
			files = (
			);
			runOnlyForDeploymentPostprocessing = 0;
		};
		D6134A151F85226D005592A2 /* Resources */ = {
			isa = PBXResourcesBuildPhase;
			buildActionMask = 2147483647;
			files = (
			);
			runOnlyForDeploymentPostprocessing = 0;
		};
		D6134A5E1F852C80005592A2 /* Resources */ = {
			isa = PBXResourcesBuildPhase;
			buildActionMask = 2147483647;
			files = (
			);
			runOnlyForDeploymentPostprocessing = 0;
		};
		D6134A661F852C80005592A2 /* Resources */ = {
			isa = PBXResourcesBuildPhase;
			buildActionMask = 2147483647;
			files = (
			);
			runOnlyForDeploymentPostprocessing = 0;
		};
		D6134AA01F85D1F9005592A2 /* Resources */ = {
			isa = PBXResourcesBuildPhase;
			buildActionMask = 2147483647;
			files = (
			);
			runOnlyForDeploymentPostprocessing = 0;
		};
		D6134AA81F85D1FA005592A2 /* Resources */ = {
			isa = PBXResourcesBuildPhase;
			buildActionMask = 2147483647;
			files = (
			);
			runOnlyForDeploymentPostprocessing = 0;
		};
		D6134AD01F85D800005592A2 /* Resources */ = {
			isa = PBXResourcesBuildPhase;
			buildActionMask = 2147483647;
			files = (
			);
			runOnlyForDeploymentPostprocessing = 0;
		};
/* End PBXResourcesBuildPhase section */

/* Begin PBXSourcesBuildPhase section */
		D6134A091F85226C005592A2 /* Sources */ = {
			isa = PBXSourcesBuildPhase;
			buildActionMask = 2147483647;
			files = (
				D69BF7402336B90F0086E809 /* TypicalChannel.swift in Sources */,
				D6134A5A1F852A85005592A2 /* Util.swift in Sources */,
				D6C05E3F225612E9007AB9CD /* ColorLiteral.swift in Sources */,
				D6134A511F852A85005592A2 /* AppKit.swift in Sources */,
				D6B4EE251FE2BF1F00B6B7B0 /* ExtrapolatedImage.swift in Sources */,
				D66840591F9F426200D1DE7F /* NumericPixel.swift in Sources */,
				D62C6EDF1FCE6BD800E7DF02 /* Extrapolation.swift in Sources */,
				D6FAC86A1FD1938400509BCB /* ImageProtocol.swift in Sources */,
				D6B4EE0E1FE0211700B6B7B0 /* Rotation.swift in Sources */,
				D6134A591F852A85005592A2 /* RGBA.swift in Sources */,
				D62C6ED51FCE55EB00E7DF02 /* Interpolation.swift in Sources */,
				D6B4EE2A1FE4A1C300B6B7B0 /* Resizing.swift in Sources */,
				D66AFEF520D90296003FE64C /* ImageIterator.swift in Sources */,
				D6134A501F852A85005592A2 /* Image.swift in Sources */,
				D62C6EC71FCC18E600E7DF02 /* HigherOrderFunctions.swift in Sources */,
				D6134A551F852A85005592A2 /* UIKit.swift in Sources */,
				D64CA245224DC1CF002D5B44 /* RGB.swift in Sources */,
				D6134A531F852A85005592A2 /* ImageSlice.swift in Sources */,
				D63109121FCFD7DE009974D0 /* Convolution.swift in Sources */,
				D63109241FCFFD85009974D0 /* RGBAOperators.swift in Sources */,
				D6134A521F852A85005592A2 /* CoreGraphics.swift in Sources */,
				D6B4EE1C1FE25C0600B6B7B0 /* AnyImage.swift in Sources */,
				D65D3FAA20D3B940004B0F7D /* PremultipliedRGBA.swift in Sources */,
				D6B4EE171FE2038000B6B7B0 /* ImageFormat.swift in Sources */,
				D631091F1FCFFB4C009974D0 /* ImageOperators.swift in Sources */,
			);
			runOnlyForDeploymentPostprocessing = 0;
		};
		D6134A131F85226D005592A2 /* Sources */ = {
			isa = PBXSourcesBuildPhase;
			buildActionMask = 2147483647;
			files = (
				D632C8AB21354DE20030D7D1 /* AppUIKitTests.swift in Sources */,
				D6134A4C1F852A64005592A2 /* ImageTests.swift in Sources */,
				D68F9AA4225C182200DA338D /* RGBTests.swift in Sources */,
				D6134A491F852A64005592A2 /* AppKitTests.swift in Sources */,
				D6134A481F852A64005592A2 /* SwiftImageTests.swift in Sources */,
				D62C6EC31FCBA6B800E7DF02 /* UIKitTests.swift in Sources */,
				D6C05E4422561545007AB9CD /* ColorLiteralTests.swift in Sources */,
				D631091D1FCFF27D009974D0 /* ConvolutionTests.swift in Sources */,
				D631092D1FD009B6009974D0 /* ImageOperatorsTests.swift in Sources */,
				D62C6EEA1FCE8F5D00E7DF02 /* ExtrapolationTests.swift in Sources */,
				D6B4EE131FE0DC4100B6B7B0 /* RotationTests.swift in Sources */,
				D62C6EDB1FCE5F7D00E7DF02 /* InterpolationTests.swift in Sources */,
				D6C1C01E1FDFCB2500CAA6C4 /* HigherOrderFunctionsTests.swift in Sources */,
				D6134A4B1F852A64005592A2 /* ImageSliceTests.swift in Sources */,
				D6B4EE211FE2699700B6B7B0 /* AnyImageTests.swift in Sources */,
				D6134A4A1F852A64005592A2 /* CoreGraphicsTests.swift in Sources */,
				D63109291FD0056B009974D0 /* RGBAOperatorsTests.swift in Sources */,
				D62285BA221171A3006A6D9C /* AutoreleaseTests.swift in Sources */,
				D62C6ED11FCD666600E7DF02 /* Util.swift in Sources */,
				D6B8BF841FE57E22009C7C30 /* ResizingTests.swift in Sources */,
				D6134A4D1F852A64005592A2 /* RGBATests.swift in Sources */,
				D6D33DBB1FD97A8B00256FD0 /* ImageProtocolTests.swift in Sources */,
				D66AFEE520D78D47003FE64C /* PremultipliedRGBATests.swift in Sources */,
			);
			runOnlyForDeploymentPostprocessing = 0;
		};
		D6134A5B1F852C80005592A2 /* Sources */ = {
			isa = PBXSourcesBuildPhase;
			buildActionMask = 2147483647;
			files = (
				D69BF7422336C06E0086E809 /* TypicalChannel.swift in Sources */,
				D6C05E40225612E9007AB9CD /* ColorLiteral.swift in Sources */,
				D6134A851F85CF5E005592A2 /* Util.swift in Sources */,
				D6B4EE261FE2BF1F00B6B7B0 /* ExtrapolatedImage.swift in Sources */,
				D6134A7C1F85CF5E005592A2 /* AppKit.swift in Sources */,
				D62C6EE01FCE6BD800E7DF02 /* Extrapolation.swift in Sources */,
				D6FAC86B1FD1938400509BCB /* ImageProtocol.swift in Sources */,
				D6B4EE0F1FE0211700B6B7B0 /* Rotation.swift in Sources */,
				D6134A841F85CF5E005592A2 /* RGBA.swift in Sources */,
				D6134A7B1F85CF5E005592A2 /* Image.swift in Sources */,
				D62C6ED61FCE55F700E7DF02 /* Interpolation.swift in Sources */,
				D6B4EE2B1FE4A1C300B6B7B0 /* Resizing.swift in Sources */,
				D66AFEF620D90296003FE64C /* ImageIterator.swift in Sources */,
				D6134A801F85CF5E005592A2 /* UIKit.swift in Sources */,
				D62C6EC81FCC18E600E7DF02 /* HigherOrderFunctions.swift in Sources */,
				D6134A7E1F85CF5E005592A2 /* ImageSlice.swift in Sources */,
				D64CA246224DC1D4002D5B44 /* RGB.swift in Sources */,
				D6134A7D1F85CF5E005592A2 /* CoreGraphics.swift in Sources */,
				D63109131FCFD7DE009974D0 /* Convolution.swift in Sources */,
				D63109251FCFFD85009974D0 /* RGBAOperators.swift in Sources */,
				D6B4EE1D1FE25C0600B6B7B0 /* AnyImage.swift in Sources */,
				D668405A1F9F427D00D1DE7F /* NumericPixel.swift in Sources */,
				D65D3FAB20D3B940004B0F7D /* PremultipliedRGBA.swift in Sources */,
				D6B4EE181FE2038000B6B7B0 /* ImageFormat.swift in Sources */,
				D63109201FCFFB4C009974D0 /* ImageOperators.swift in Sources */,
			);
			runOnlyForDeploymentPostprocessing = 0;
		};
		D6134A641F852C80005592A2 /* Sources */ = {
			isa = PBXSourcesBuildPhase;
			buildActionMask = 2147483647;
			files = (
				D632C8AC21354DE20030D7D1 /* AppUIKitTests.swift in Sources */,
				D6134A8A1F85CF6F005592A2 /* ImageTests.swift in Sources */,
				D68F9AA5225C182200DA338D /* RGBTests.swift in Sources */,
				D6134A871F85CF6F005592A2 /* AppKitTests.swift in Sources */,
				D6134A861F85CF6F005592A2 /* SwiftImageTests.swift in Sources */,
				D62C6EC41FCBA6B900E7DF02 /* UIKitTests.swift in Sources */,
				D6C05E4522561545007AB9CD /* ColorLiteralTests.swift in Sources */,
				D631091C1FCFF27D009974D0 /* ConvolutionTests.swift in Sources */,
				D631092E1FD009B6009974D0 /* ImageOperatorsTests.swift in Sources */,
				D62C6EE91FCE8F5C00E7DF02 /* ExtrapolationTests.swift in Sources */,
				D6B4EE141FE0DC4100B6B7B0 /* RotationTests.swift in Sources */,
				D62C6EDC1FCE5F7E00E7DF02 /* InterpolationTests.swift in Sources */,
				D6C1C01F1FDFCB2500CAA6C4 /* HigherOrderFunctionsTests.swift in Sources */,
				D6134A891F85CF6F005592A2 /* ImageSliceTests.swift in Sources */,
				D6B4EE221FE2699700B6B7B0 /* AnyImageTests.swift in Sources */,
				D6134A881F85CF6F005592A2 /* CoreGraphicsTests.swift in Sources */,
				D631092A1FD0056B009974D0 /* RGBAOperatorsTests.swift in Sources */,
				D62285BB221171A3006A6D9C /* AutoreleaseTests.swift in Sources */,
				D62C6ED21FCD666600E7DF02 /* Util.swift in Sources */,
				D6B8BF851FE57E22009C7C30 /* ResizingTests.swift in Sources */,
				D6134A8B1F85CF6F005592A2 /* RGBATests.swift in Sources */,
				D6D33DBC1FD97A8B00256FD0 /* ImageProtocolTests.swift in Sources */,
				D66AFEE620D78D47003FE64C /* PremultipliedRGBATests.swift in Sources */,
			);
			runOnlyForDeploymentPostprocessing = 0;
		};
		D6134A9D1F85D1F9005592A2 /* Sources */ = {
			isa = PBXSourcesBuildPhase;
			buildActionMask = 2147483647;
			files = (
				D69BF7432336C06F0086E809 /* TypicalChannel.swift in Sources */,
				D6C05E41225612E9007AB9CD /* ColorLiteral.swift in Sources */,
				D6134AC41F85D2AF005592A2 /* Util.swift in Sources */,
				D6B4EE271FE2BF1F00B6B7B0 /* ExtrapolatedImage.swift in Sources */,
				D6134ABB1F85D2AF005592A2 /* AppKit.swift in Sources */,
				D62C6EE11FCE6BD800E7DF02 /* Extrapolation.swift in Sources */,
				D6FAC86C1FD1938400509BCB /* ImageProtocol.swift in Sources */,
				D6B4EE101FE0211700B6B7B0 /* Rotation.swift in Sources */,
				D6134AC31F85D2AF005592A2 /* RGBA.swift in Sources */,
				D6134ABA1F85D2AF005592A2 /* Image.swift in Sources */,
				D62C6ED71FCE55F800E7DF02 /* Interpolation.swift in Sources */,
				D6B4EE2C1FE4A1C300B6B7B0 /* Resizing.swift in Sources */,
				D66AFEF720D90296003FE64C /* ImageIterator.swift in Sources */,
				D6134ABF1F85D2AF005592A2 /* UIKit.swift in Sources */,
				D62C6EC91FCC18E600E7DF02 /* HigherOrderFunctions.swift in Sources */,
				D6134ABD1F85D2AF005592A2 /* ImageSlice.swift in Sources */,
				D64CA247224DC1D4002D5B44 /* RGB.swift in Sources */,
				D6134ABC1F85D2AF005592A2 /* CoreGraphics.swift in Sources */,
				D63109141FCFD7DE009974D0 /* Convolution.swift in Sources */,
				D63109261FCFFD85009974D0 /* RGBAOperators.swift in Sources */,
				D6B4EE1E1FE25C0600B6B7B0 /* AnyImage.swift in Sources */,
				D668405B1F9F427D00D1DE7F /* NumericPixel.swift in Sources */,
				D65D3FAC20D3B940004B0F7D /* PremultipliedRGBA.swift in Sources */,
				D6B4EE191FE2038000B6B7B0 /* ImageFormat.swift in Sources */,
				D63109211FCFFB4C009974D0 /* ImageOperators.swift in Sources */,
			);
			runOnlyForDeploymentPostprocessing = 0;
		};
		D6134AA61F85D1FA005592A2 /* Sources */ = {
			isa = PBXSourcesBuildPhase;
			buildActionMask = 2147483647;
			files = (
				D632C8AD21354DE20030D7D1 /* AppUIKitTests.swift in Sources */,
				D6134AC91F85D2BF005592A2 /* ImageTests.swift in Sources */,
				D68F9AA6225C182200DA338D /* RGBTests.swift in Sources */,
				D6134AC61F85D2BF005592A2 /* AppKitTests.swift in Sources */,
				D6134AC51F85D2BF005592A2 /* SwiftImageTests.swift in Sources */,
				D62C6EC51FCBA6BA00E7DF02 /* UIKitTests.swift in Sources */,
				D6C05E4622561545007AB9CD /* ColorLiteralTests.swift in Sources */,
				D631091B1FCFF27C009974D0 /* ConvolutionTests.swift in Sources */,
				D631092F1FD009B6009974D0 /* ImageOperatorsTests.swift in Sources */,
				D62C6EE81FCE8F5B00E7DF02 /* ExtrapolationTests.swift in Sources */,
				D6B4EE151FE0DC4100B6B7B0 /* RotationTests.swift in Sources */,
				D62C6EDD1FCE5F7E00E7DF02 /* InterpolationTests.swift in Sources */,
				D6C1C0201FDFCB2500CAA6C4 /* HigherOrderFunctionsTests.swift in Sources */,
				D6134AC81F85D2BF005592A2 /* ImageSliceTests.swift in Sources */,
				D6B4EE231FE2699700B6B7B0 /* AnyImageTests.swift in Sources */,
				D6134AC71F85D2BF005592A2 /* CoreGraphicsTests.swift in Sources */,
				D631092B1FD0056B009974D0 /* RGBAOperatorsTests.swift in Sources */,
				D62285BC221171A3006A6D9C /* AutoreleaseTests.swift in Sources */,
				D62C6ED31FCD666600E7DF02 /* Util.swift in Sources */,
				D6B8BF861FE57E22009C7C30 /* ResizingTests.swift in Sources */,
				D6134ACA1F85D2BF005592A2 /* RGBATests.swift in Sources */,
				D6D33DBD1FD97A8B00256FD0 /* ImageProtocolTests.swift in Sources */,
				D66AFEE720D78D47003FE64C /* PremultipliedRGBATests.swift in Sources */,
			);
			runOnlyForDeploymentPostprocessing = 0;
		};
		D6134ACD1F85D800005592A2 /* Sources */ = {
			isa = PBXSourcesBuildPhase;
			buildActionMask = 2147483647;
			files = (
				D69BF7442336C0700086E809 /* TypicalChannel.swift in Sources */,
				D6C05E42225612E9007AB9CD /* ColorLiteral.swift in Sources */,
				D6134AE51F85DA5C005592A2 /* Util.swift in Sources */,
				D6B4EE281FE2BF1F00B6B7B0 /* ExtrapolatedImage.swift in Sources */,
				D6134ADC1F85DA5C005592A2 /* AppKit.swift in Sources */,
				D62C6EE21FCE6BD800E7DF02 /* Extrapolation.swift in Sources */,
				D6FAC86D1FD1938400509BCB /* ImageProtocol.swift in Sources */,
				D6B4EE111FE0211700B6B7B0 /* Rotation.swift in Sources */,
				D6134AE41F85DA5C005592A2 /* RGBA.swift in Sources */,
				D6134ADB1F85DA5C005592A2 /* Image.swift in Sources */,
				D62C6ED81FCE55F800E7DF02 /* Interpolation.swift in Sources */,
				D6B4EE2D1FE4A1C300B6B7B0 /* Resizing.swift in Sources */,
				D66AFEF820D90296003FE64C /* ImageIterator.swift in Sources */,
				D6134AE01F85DA5C005592A2 /* UIKit.swift in Sources */,
				D62C6ECA1FCC18E600E7DF02 /* HigherOrderFunctions.swift in Sources */,
				D6134ADE1F85DA5C005592A2 /* ImageSlice.swift in Sources */,
				D64CA248224DC1D5002D5B44 /* RGB.swift in Sources */,
				D6134ADD1F85DA5C005592A2 /* CoreGraphics.swift in Sources */,
				D63109151FCFD7DE009974D0 /* Convolution.swift in Sources */,
				D63109271FCFFD85009974D0 /* RGBAOperators.swift in Sources */,
				D6B4EE1F1FE25C0600B6B7B0 /* AnyImage.swift in Sources */,
				D668405C1F9F427F00D1DE7F /* NumericPixel.swift in Sources */,
				D65D3FAD20D3B940004B0F7D /* PremultipliedRGBA.swift in Sources */,
				D6B4EE1A1FE2038000B6B7B0 /* ImageFormat.swift in Sources */,
				D63109221FCFFB4C009974D0 /* ImageOperators.swift in Sources */,
			);
			runOnlyForDeploymentPostprocessing = 0;
		};
/* End PBXSourcesBuildPhase section */

/* Begin PBXTargetDependency section */
		D6134A1A1F85226D005592A2 /* PBXTargetDependency */ = {
			isa = PBXTargetDependency;
			target = D6134A0D1F85226C005592A2 /* SwiftImage-iOS */;
			targetProxy = D6134A191F85226D005592A2 /* PBXContainerItemProxy */;
		};
		D6134A6B1F852C80005592A2 /* PBXTargetDependency */ = {
			isa = PBXTargetDependency;
			target = D6134A5F1F852C80005592A2 /* SwiftImage-macOS */;
			targetProxy = D6134A6A1F852C80005592A2 /* PBXContainerItemProxy */;
		};
		D6134AAD1F85D1FA005592A2 /* PBXTargetDependency */ = {
			isa = PBXTargetDependency;
			target = D6134AA11F85D1F9005592A2 /* SwiftImage-tvOS */;
			targetProxy = D6134AAC1F85D1FA005592A2 /* PBXContainerItemProxy */;
		};
/* End PBXTargetDependency section */

/* Begin XCBuildConfiguration section */
		D6134A201F85226D005592A2 /* Debug */ = {
			isa = XCBuildConfiguration;
			buildSettings = {
				ALWAYS_SEARCH_USER_PATHS = NO;
				CLANG_ANALYZER_NONNULL = YES;
				CLANG_ANALYZER_NUMBER_OBJECT_CONVERSION = YES_AGGRESSIVE;
				CLANG_CXX_LANGUAGE_STANDARD = "gnu++14";
				CLANG_CXX_LIBRARY = "libc++";
				CLANG_ENABLE_MODULES = YES;
				CLANG_ENABLE_OBJC_ARC = YES;
				CLANG_WARN_BLOCK_CAPTURE_AUTORELEASING = YES;
				CLANG_WARN_BOOL_CONVERSION = YES;
				CLANG_WARN_COMMA = YES;
				CLANG_WARN_CONSTANT_CONVERSION = YES;
				CLANG_WARN_DEPRECATED_OBJC_IMPLEMENTATIONS = YES;
				CLANG_WARN_DIRECT_OBJC_ISA_USAGE = YES_ERROR;
				CLANG_WARN_DOCUMENTATION_COMMENTS = YES;
				CLANG_WARN_EMPTY_BODY = YES;
				CLANG_WARN_ENUM_CONVERSION = YES;
				CLANG_WARN_INFINITE_RECURSION = YES;
				CLANG_WARN_INT_CONVERSION = YES;
				CLANG_WARN_NON_LITERAL_NULL_CONVERSION = YES;
				CLANG_WARN_OBJC_IMPLICIT_RETAIN_SELF = YES;
				CLANG_WARN_OBJC_LITERAL_CONVERSION = YES;
				CLANG_WARN_OBJC_ROOT_CLASS = YES_ERROR;
				CLANG_WARN_RANGE_LOOP_ANALYSIS = YES;
				CLANG_WARN_STRICT_PROTOTYPES = YES;
				CLANG_WARN_SUSPICIOUS_MOVE = YES;
				CLANG_WARN_UNGUARDED_AVAILABILITY = YES_AGGRESSIVE;
				CLANG_WARN_UNREACHABLE_CODE = YES;
				CLANG_WARN__DUPLICATE_METHOD_MATCH = YES;
				COPY_PHASE_STRIP = NO;
				CURRENT_PROJECT_VERSION = 1;
				DEBUG_INFORMATION_FORMAT = dwarf;
				ENABLE_STRICT_OBJC_MSGSEND = YES;
				ENABLE_TESTABILITY = YES;
				GCC_C_LANGUAGE_STANDARD = gnu11;
				GCC_DYNAMIC_NO_PIC = NO;
				GCC_NO_COMMON_BLOCKS = YES;
				GCC_OPTIMIZATION_LEVEL = 0;
				GCC_PREPROCESSOR_DEFINITIONS = (
					"DEBUG=1",
					"$(inherited)",
				);
				GCC_WARN_64_TO_32_BIT_CONVERSION = YES;
				GCC_WARN_ABOUT_RETURN_TYPE = YES_ERROR;
				GCC_WARN_UNDECLARED_SELECTOR = YES;
				GCC_WARN_UNINITIALIZED_AUTOS = YES_AGGRESSIVE;
				GCC_WARN_UNUSED_FUNCTION = YES;
				GCC_WARN_UNUSED_VARIABLE = YES;
				MTL_ENABLE_DEBUG_INFO = YES;
				ONLY_ACTIVE_ARCH = YES;
				SDKROOT = iphoneos;
				SWIFT_ACTIVE_COMPILATION_CONDITIONS = DEBUG;
				SWIFT_OPTIMIZATION_LEVEL = "-Onone";
				SWIFT_VERSION = 5.0;
				VERSIONING_SYSTEM = "apple-generic";
				VERSION_INFO_PREFIX = "";
			};
			name = Debug;
		};
		D6134A211F85226D005592A2 /* Release */ = {
			isa = XCBuildConfiguration;
			buildSettings = {
				ALWAYS_SEARCH_USER_PATHS = NO;
				CLANG_ANALYZER_NONNULL = YES;
				CLANG_ANALYZER_NUMBER_OBJECT_CONVERSION = YES_AGGRESSIVE;
				CLANG_CXX_LANGUAGE_STANDARD = "gnu++14";
				CLANG_CXX_LIBRARY = "libc++";
				CLANG_ENABLE_MODULES = YES;
				CLANG_ENABLE_OBJC_ARC = YES;
				CLANG_WARN_BLOCK_CAPTURE_AUTORELEASING = YES;
				CLANG_WARN_BOOL_CONVERSION = YES;
				CLANG_WARN_COMMA = YES;
				CLANG_WARN_CONSTANT_CONVERSION = YES;
				CLANG_WARN_DEPRECATED_OBJC_IMPLEMENTATIONS = YES;
				CLANG_WARN_DIRECT_OBJC_ISA_USAGE = YES_ERROR;
				CLANG_WARN_DOCUMENTATION_COMMENTS = YES;
				CLANG_WARN_EMPTY_BODY = YES;
				CLANG_WARN_ENUM_CONVERSION = YES;
				CLANG_WARN_INFINITE_RECURSION = YES;
				CLANG_WARN_INT_CONVERSION = YES;
				CLANG_WARN_NON_LITERAL_NULL_CONVERSION = YES;
				CLANG_WARN_OBJC_IMPLICIT_RETAIN_SELF = YES;
				CLANG_WARN_OBJC_LITERAL_CONVERSION = YES;
				CLANG_WARN_OBJC_ROOT_CLASS = YES_ERROR;
				CLANG_WARN_RANGE_LOOP_ANALYSIS = YES;
				CLANG_WARN_STRICT_PROTOTYPES = YES;
				CLANG_WARN_SUSPICIOUS_MOVE = YES;
				CLANG_WARN_UNGUARDED_AVAILABILITY = YES_AGGRESSIVE;
				CLANG_WARN_UNREACHABLE_CODE = YES;
				CLANG_WARN__DUPLICATE_METHOD_MATCH = YES;
				COPY_PHASE_STRIP = NO;
				CURRENT_PROJECT_VERSION = 1;
				DEBUG_INFORMATION_FORMAT = "dwarf-with-dsym";
				ENABLE_NS_ASSERTIONS = NO;
				ENABLE_STRICT_OBJC_MSGSEND = YES;
				GCC_C_LANGUAGE_STANDARD = gnu11;
				GCC_NO_COMMON_BLOCKS = YES;
				GCC_WARN_64_TO_32_BIT_CONVERSION = YES;
				GCC_WARN_ABOUT_RETURN_TYPE = YES_ERROR;
				GCC_WARN_UNDECLARED_SELECTOR = YES;
				GCC_WARN_UNINITIALIZED_AUTOS = YES_AGGRESSIVE;
				GCC_WARN_UNUSED_FUNCTION = YES;
				GCC_WARN_UNUSED_VARIABLE = YES;
				MTL_ENABLE_DEBUG_INFO = NO;
				SDKROOT = iphoneos;
				SWIFT_OPTIMIZATION_LEVEL = "-Owholemodule";
				SWIFT_VERSION = 5.0;
				VALIDATE_PRODUCT = YES;
				VERSIONING_SYSTEM = "apple-generic";
				VERSION_INFO_PREFIX = "";
			};
			name = Release;
		};
		D6134A231F85226D005592A2 /* Debug */ = {
			isa = XCBuildConfiguration;
			buildSettings = {
				CODE_SIGN_IDENTITY = "";
				CODE_SIGN_STYLE = Automatic;
				DEFINES_MODULE = YES;
				DYLIB_COMPATIBILITY_VERSION = 1;
				DYLIB_CURRENT_VERSION = 1;
				DYLIB_INSTALL_NAME_BASE = "@rpath";
				INFOPLIST_FILE = Sources/SwiftImage/Info.plist;
				INSTALL_PATH = "$(LOCAL_LIBRARY_DIR)/Frameworks";
				IPHONEOS_DEPLOYMENT_TARGET = 8.0;
				LD_RUNPATH_SEARCH_PATHS = "$(inherited) @executable_path/Frameworks @loader_path/Frameworks";
				PRODUCT_BUNDLE_IDENTIFIER = org.koherent.SwiftImage;
				PRODUCT_NAME = SwiftImage;
				SKIP_INSTALL = YES;
				TARGETED_DEVICE_FAMILY = "1,2";
			};
			name = Debug;
		};
		D6134A241F85226D005592A2 /* Release */ = {
			isa = XCBuildConfiguration;
			buildSettings = {
				CODE_SIGN_IDENTITY = "";
				CODE_SIGN_STYLE = Automatic;
				DEFINES_MODULE = YES;
				DYLIB_COMPATIBILITY_VERSION = 1;
				DYLIB_CURRENT_VERSION = 1;
				DYLIB_INSTALL_NAME_BASE = "@rpath";
				INFOPLIST_FILE = Sources/SwiftImage/Info.plist;
				INSTALL_PATH = "$(LOCAL_LIBRARY_DIR)/Frameworks";
				IPHONEOS_DEPLOYMENT_TARGET = 8.0;
				LD_RUNPATH_SEARCH_PATHS = "$(inherited) @executable_path/Frameworks @loader_path/Frameworks";
				PRODUCT_BUNDLE_IDENTIFIER = org.koherent.SwiftImage;
				PRODUCT_NAME = SwiftImage;
				SKIP_INSTALL = YES;
				TARGETED_DEVICE_FAMILY = "1,2";
			};
			name = Release;
		};
		D6134A261F85226D005592A2 /* Debug */ = {
			isa = XCBuildConfiguration;
			buildSettings = {
				ALWAYS_EMBED_SWIFT_STANDARD_LIBRARIES = YES;
				CODE_SIGN_STYLE = Automatic;
				INFOPLIST_FILE = Tests/SwiftImageTests/Info.plist;
				LD_RUNPATH_SEARCH_PATHS = "$(inherited) @executable_path/Frameworks @loader_path/Frameworks";
				PRODUCT_BUNDLE_IDENTIFIER = org.koherent.SwiftImageTests;
				PRODUCT_NAME = "$(TARGET_NAME)";
				TARGETED_DEVICE_FAMILY = "1,2";
			};
			name = Debug;
		};
		D6134A271F85226D005592A2 /* Release */ = {
			isa = XCBuildConfiguration;
			buildSettings = {
				ALWAYS_EMBED_SWIFT_STANDARD_LIBRARIES = YES;
				CODE_SIGN_STYLE = Automatic;
				INFOPLIST_FILE = Tests/SwiftImageTests/Info.plist;
				LD_RUNPATH_SEARCH_PATHS = "$(inherited) @executable_path/Frameworks @loader_path/Frameworks";
				PRODUCT_BUNDLE_IDENTIFIER = org.koherent.SwiftImageTests;
				PRODUCT_NAME = "$(TARGET_NAME)";
				TARGETED_DEVICE_FAMILY = "1,2";
			};
			name = Release;
		};
		D6134A721F852C80005592A2 /* Debug */ = {
			isa = XCBuildConfiguration;
			buildSettings = {
				CODE_SIGN_IDENTITY = "";
				CODE_SIGN_STYLE = Automatic;
				COMBINE_HIDPI_IMAGES = YES;
				DEFINES_MODULE = YES;
				DYLIB_COMPATIBILITY_VERSION = 1;
				DYLIB_CURRENT_VERSION = 1;
				DYLIB_INSTALL_NAME_BASE = "@rpath";
				FRAMEWORK_VERSION = A;
				INFOPLIST_FILE = Sources/SwiftImage/Info.plist;
				INSTALL_PATH = "$(LOCAL_LIBRARY_DIR)/Frameworks";
				LD_RUNPATH_SEARCH_PATHS = "$(inherited) @executable_path/../Frameworks @loader_path/Frameworks";
				MACOSX_DEPLOYMENT_TARGET = 10.9;
				PRODUCT_BUNDLE_IDENTIFIER = org.koherent.SwiftImage;
				PRODUCT_NAME = SwiftImage;
				SDKROOT = macosx;
				SKIP_INSTALL = YES;
			};
			name = Debug;
		};
		D6134A731F852C80005592A2 /* Release */ = {
			isa = XCBuildConfiguration;
			buildSettings = {
				CODE_SIGN_IDENTITY = "";
				CODE_SIGN_STYLE = Automatic;
				COMBINE_HIDPI_IMAGES = YES;
				DEFINES_MODULE = YES;
				DYLIB_COMPATIBILITY_VERSION = 1;
				DYLIB_CURRENT_VERSION = 1;
				DYLIB_INSTALL_NAME_BASE = "@rpath";
				FRAMEWORK_VERSION = A;
				INFOPLIST_FILE = Sources/SwiftImage/Info.plist;
				INSTALL_PATH = "$(LOCAL_LIBRARY_DIR)/Frameworks";
				LD_RUNPATH_SEARCH_PATHS = "$(inherited) @executable_path/../Frameworks @loader_path/Frameworks";
				MACOSX_DEPLOYMENT_TARGET = 10.9;
				PRODUCT_BUNDLE_IDENTIFIER = org.koherent.SwiftImage;
				PRODUCT_NAME = SwiftImage;
				SDKROOT = macosx;
				SKIP_INSTALL = YES;
			};
			name = Release;
		};
		D6134A751F852C80005592A2 /* Debug */ = {
			isa = XCBuildConfiguration;
			buildSettings = {
				ALWAYS_EMBED_SWIFT_STANDARD_LIBRARIES = YES;
				CODE_SIGN_STYLE = Automatic;
				COMBINE_HIDPI_IMAGES = YES;
				DEVELOPMENT_TEAM = "";
				INFOPLIST_FILE = Tests/SwiftImageTests/Info.plist;
				LD_RUNPATH_SEARCH_PATHS = "$(inherited) @executable_path/../Frameworks @loader_path/../Frameworks";
				MACOSX_DEPLOYMENT_TARGET = 10.12;
				PRODUCT_BUNDLE_IDENTIFIER = org.koherent.SwiftImageTests;
				PRODUCT_NAME = SwiftImageTests;
				SDKROOT = macosx;
			};
			name = Debug;
		};
		D6134A761F852C80005592A2 /* Release */ = {
			isa = XCBuildConfiguration;
			buildSettings = {
				ALWAYS_EMBED_SWIFT_STANDARD_LIBRARIES = YES;
				CODE_SIGN_STYLE = Automatic;
				COMBINE_HIDPI_IMAGES = YES;
				DEVELOPMENT_TEAM = "";
				INFOPLIST_FILE = Tests/SwiftImageTests/Info.plist;
				LD_RUNPATH_SEARCH_PATHS = "$(inherited) @executable_path/../Frameworks @loader_path/../Frameworks";
				MACOSX_DEPLOYMENT_TARGET = 10.12;
				PRODUCT_BUNDLE_IDENTIFIER = org.koherent.SwiftImageTests;
				PRODUCT_NAME = SwiftImageTests;
				SDKROOT = macosx;
			};
			name = Release;
		};
		D6134AB31F85D1FA005592A2 /* Debug */ = {
			isa = XCBuildConfiguration;
			buildSettings = {
				CODE_SIGN_IDENTITY = "";
				CODE_SIGN_STYLE = Automatic;
				DEFINES_MODULE = YES;
				DYLIB_COMPATIBILITY_VERSION = 1;
				DYLIB_CURRENT_VERSION = 1;
				DYLIB_INSTALL_NAME_BASE = "@rpath";
				INFOPLIST_FILE = Sources/SwiftImage/Info.plist;
				INSTALL_PATH = "$(LOCAL_LIBRARY_DIR)/Frameworks";
				LD_RUNPATH_SEARCH_PATHS = "$(inherited) @executable_path/Frameworks @loader_path/Frameworks";
				PRODUCT_BUNDLE_IDENTIFIER = org.koherent.SwiftImage;
				PRODUCT_NAME = SwiftImage;
				SDKROOT = appletvos;
				SKIP_INSTALL = YES;
				TARGETED_DEVICE_FAMILY = 3;
				TVOS_DEPLOYMENT_TARGET = 9.0;
			};
			name = Debug;
		};
		D6134AB41F85D1FA005592A2 /* Release */ = {
			isa = XCBuildConfiguration;
			buildSettings = {
				CODE_SIGN_IDENTITY = "";
				CODE_SIGN_STYLE = Automatic;
				DEFINES_MODULE = YES;
				DYLIB_COMPATIBILITY_VERSION = 1;
				DYLIB_CURRENT_VERSION = 1;
				DYLIB_INSTALL_NAME_BASE = "@rpath";
				INFOPLIST_FILE = Sources/SwiftImage/Info.plist;
				INSTALL_PATH = "$(LOCAL_LIBRARY_DIR)/Frameworks";
				LD_RUNPATH_SEARCH_PATHS = "$(inherited) @executable_path/Frameworks @loader_path/Frameworks";
				PRODUCT_BUNDLE_IDENTIFIER = org.koherent.SwiftImage;
				PRODUCT_NAME = SwiftImage;
				SDKROOT = appletvos;
				SKIP_INSTALL = YES;
				TARGETED_DEVICE_FAMILY = 3;
				TVOS_DEPLOYMENT_TARGET = 9.0;
			};
			name = Release;
		};
		D6134AB51F85D1FA005592A2 /* Debug */ = {
			isa = XCBuildConfiguration;
			buildSettings = {
				ALWAYS_EMBED_SWIFT_STANDARD_LIBRARIES = YES;
				CODE_SIGN_STYLE = Automatic;
				INFOPLIST_FILE = Tests/SwiftImageTests/Info.plist;
				LD_RUNPATH_SEARCH_PATHS = "$(inherited) @executable_path/Frameworks @loader_path/Frameworks";
				PRODUCT_BUNDLE_IDENTIFIER = org.koherent.SwiftImageTests;
				PRODUCT_NAME = SwiftImageTests;
				SDKROOT = appletvos;
				TARGETED_DEVICE_FAMILY = 3;
				TVOS_DEPLOYMENT_TARGET = 11.0;
			};
			name = Debug;
		};
		D6134AB61F85D1FA005592A2 /* Release */ = {
			isa = XCBuildConfiguration;
			buildSettings = {
				ALWAYS_EMBED_SWIFT_STANDARD_LIBRARIES = YES;
				CODE_SIGN_STYLE = Automatic;
				INFOPLIST_FILE = Tests/SwiftImageTests/Info.plist;
				LD_RUNPATH_SEARCH_PATHS = "$(inherited) @executable_path/Frameworks @loader_path/Frameworks";
				PRODUCT_BUNDLE_IDENTIFIER = org.koherent.SwiftImageTests;
				PRODUCT_NAME = SwiftImageTests;
				SDKROOT = appletvos;
				TARGETED_DEVICE_FAMILY = 3;
				TVOS_DEPLOYMENT_TARGET = 11.0;
			};
			name = Release;
		};
		D6134AD81F85D800005592A2 /* Debug */ = {
			isa = XCBuildConfiguration;
			buildSettings = {
				APPLICATION_EXTENSION_API_ONLY = YES;
				CODE_SIGN_IDENTITY = "";
				CODE_SIGN_STYLE = Automatic;
				DEFINES_MODULE = YES;
				DYLIB_COMPATIBILITY_VERSION = 1;
				DYLIB_CURRENT_VERSION = 1;
				DYLIB_INSTALL_NAME_BASE = "@rpath";
				INFOPLIST_FILE = Sources/SwiftImage/Info.plist;
				INSTALL_PATH = "$(LOCAL_LIBRARY_DIR)/Frameworks";
				LD_RUNPATH_SEARCH_PATHS = "$(inherited) @executable_path/Frameworks @loader_path/Frameworks";
				PRODUCT_BUNDLE_IDENTIFIER = org.koherent.SwiftImage;
				PRODUCT_NAME = SwiftImage;
				SDKROOT = watchos;
				SKIP_INSTALL = YES;
				TARGETED_DEVICE_FAMILY = 4;
				WATCHOS_DEPLOYMENT_TARGET = 2.0;
			};
			name = Debug;
		};
		D6134AD91F85D800005592A2 /* Release */ = {
			isa = XCBuildConfiguration;
			buildSettings = {
				APPLICATION_EXTENSION_API_ONLY = YES;
				CODE_SIGN_IDENTITY = "";
				CODE_SIGN_STYLE = Automatic;
				DEFINES_MODULE = YES;
				DYLIB_COMPATIBILITY_VERSION = 1;
				DYLIB_CURRENT_VERSION = 1;
				DYLIB_INSTALL_NAME_BASE = "@rpath";
				INFOPLIST_FILE = Sources/SwiftImage/Info.plist;
				INSTALL_PATH = "$(LOCAL_LIBRARY_DIR)/Frameworks";
				LD_RUNPATH_SEARCH_PATHS = "$(inherited) @executable_path/Frameworks @loader_path/Frameworks";
				PRODUCT_BUNDLE_IDENTIFIER = org.koherent.SwiftImage;
				PRODUCT_NAME = SwiftImage;
				SDKROOT = watchos;
				SKIP_INSTALL = YES;
				TARGETED_DEVICE_FAMILY = 4;
				WATCHOS_DEPLOYMENT_TARGET = 2.0;
			};
			name = Release;
		};
/* End XCBuildConfiguration section */

/* Begin XCConfigurationList section */
		D6134A081F85226C005592A2 /* Build configuration list for PBXProject "SwiftImage" */ = {
			isa = XCConfigurationList;
			buildConfigurations = (
				D6134A201F85226D005592A2 /* Debug */,
				D6134A211F85226D005592A2 /* Release */,
			);
			defaultConfigurationIsVisible = 0;
			defaultConfigurationName = Release;
		};
		D6134A221F85226D005592A2 /* Build configuration list for PBXNativeTarget "SwiftImage-iOS" */ = {
			isa = XCConfigurationList;
			buildConfigurations = (
				D6134A231F85226D005592A2 /* Debug */,
				D6134A241F85226D005592A2 /* Release */,
			);
			defaultConfigurationIsVisible = 0;
			defaultConfigurationName = Release;
		};
		D6134A251F85226D005592A2 /* Build configuration list for PBXNativeTarget "SwiftImageTests-iOS" */ = {
			isa = XCConfigurationList;
			buildConfigurations = (
				D6134A261F85226D005592A2 /* Debug */,
				D6134A271F85226D005592A2 /* Release */,
			);
			defaultConfigurationIsVisible = 0;
			defaultConfigurationName = Release;
		};
		D6134A711F852C80005592A2 /* Build configuration list for PBXNativeTarget "SwiftImage-macOS" */ = {
			isa = XCConfigurationList;
			buildConfigurations = (
				D6134A721F852C80005592A2 /* Debug */,
				D6134A731F852C80005592A2 /* Release */,
			);
			defaultConfigurationIsVisible = 0;
			defaultConfigurationName = Release;
		};
		D6134A741F852C80005592A2 /* Build configuration list for PBXNativeTarget "SwiftImageTests-macOS" */ = {
			isa = XCConfigurationList;
			buildConfigurations = (
				D6134A751F852C80005592A2 /* Debug */,
				D6134A761F852C80005592A2 /* Release */,
			);
			defaultConfigurationIsVisible = 0;
			defaultConfigurationName = Release;
		};
		D6134AB71F85D1FA005592A2 /* Build configuration list for PBXNativeTarget "SwiftImage-tvOS" */ = {
			isa = XCConfigurationList;
			buildConfigurations = (
				D6134AB31F85D1FA005592A2 /* Debug */,
				D6134AB41F85D1FA005592A2 /* Release */,
			);
			defaultConfigurationIsVisible = 0;
			defaultConfigurationName = Release;
		};
		D6134AB81F85D1FA005592A2 /* Build configuration list for PBXNativeTarget "SwiftImageTests-tvOS" */ = {
			isa = XCConfigurationList;
			buildConfigurations = (
				D6134AB51F85D1FA005592A2 /* Debug */,
				D6134AB61F85D1FA005592A2 /* Release */,
			);
			defaultConfigurationIsVisible = 0;
			defaultConfigurationName = Release;
		};
		D6134AD71F85D800005592A2 /* Build configuration list for PBXNativeTarget "SwiftImage-watchOS" */ = {
			isa = XCConfigurationList;
			buildConfigurations = (
				D6134AD81F85D800005592A2 /* Debug */,
				D6134AD91F85D800005592A2 /* Release */,
			);
			defaultConfigurationIsVisible = 0;
			defaultConfigurationName = Release;
		};
/* End XCConfigurationList section */
	};
	rootObject = D6134A051F85226C005592A2 /* Project object */;
}
