// !$*UTF8*$!
{
	archiveVersion = 1;
	classes = {
	};
	objectVersion = 46;
	objects = {

/* Begin PBXBuildFile section */
		D607D3EE1C7C3F7100D2B0A4 /* GenericsPerformanceTest.swift in Sources */ = {isa = PBXBuildFile; fileRef = D607D3ED1C7C3F7100D2B0A4 /* GenericsPerformanceTest.swift */; };
		D607D3F01C7C471C00D2B0A4 /* ImageSlice.swift in Sources */ = {isa = PBXBuildFile; fileRef = D607D3EF1C7C471C00D2B0A4 /* ImageSlice.swift */; };
		D607D3FC1C7C5EBF00D2B0A4 /* Util.swift in Sources */ = {isa = PBXBuildFile; fileRef = D607D3FB1C7C5EBF00D2B0A4 /* Util.swift */; };
		D607D4001C7D48A900D2B0A4 /* ImageSliceTests.swift in Sources */ = {isa = PBXBuildFile; fileRef = D607D3FF1C7D48A800D2B0A4 /* ImageSliceTests.swift */; };
		D607D4021C7D54BB00D2B0A4 /* UtilTests.swift in Sources */ = {isa = PBXBuildFile; fileRef = D607D4011C7D54BB00D2B0A4 /* UtilTests.swift */; };
		D607D4041C7D640B00D2B0A4 /* MapPerformanceTest.swift in Sources */ = {isa = PBXBuildFile; fileRef = D607D4031C7D640B00D2B0A4 /* MapPerformanceTest.swift */; };
		D607D4061C7D6BA000D2B0A4 /* PracticalOperationPerformanceTests.swift in Sources */ = {isa = PBXBuildFile; fileRef = D607D4051C7D6BA000D2B0A4 /* PracticalOperationPerformanceTests.swift */; };
		D6118EF51C92D5000029F45F /* Protocols.swift in Sources */ = {isa = PBXBuildFile; fileRef = D6118EF41C92D4FF0029F45F /* Protocols.swift */; };
		D6118EF61C92D5160029F45F /* Protocols.swift in Sources */ = {isa = PBXBuildFile; fileRef = D6118EF41C92D4FF0029F45F /* Protocols.swift */; };
		D63B8BC61C7ED57200E09688 /* ImageHack.swift in Sources */ = {isa = PBXBuildFile; fileRef = D63B8BC51C7ED57200E09688 /* ImageHack.swift */; };
		D63B8BC81C7F044000E09688 /* ImageSlicePerformanceTests.swift in Sources */ = {isa = PBXBuildFile; fileRef = D63B8BC71C7F044000E09688 /* ImageSlicePerformanceTests.swift */; };
		D63B8BCC1C7FF11800E09688 /* MeanPerformanceTests.swift in Sources */ = {isa = PBXBuildFile; fileRef = D63B8BCB1C7FF11800E09688 /* MeanPerformanceTests.swift */; };
		D65C4CF01CABE878008BC376 /* ConvolutionPerformanceTests.swift in Sources */ = {isa = PBXBuildFile; fileRef = D65C4CEE1CABE7B0008BC376 /* ConvolutionPerformanceTests.swift */; };
		D65C4CF11CABE878008BC376 /* ConvolutionPerformanceTests.swift in Sources */ = {isa = PBXBuildFile; fileRef = D65C4CEE1CABE7B0008BC376 /* ConvolutionPerformanceTests.swift */; };
		D65EA67F1B01B71500F8E95F /* Image.swift in Sources */ = {isa = PBXBuildFile; fileRef = D65EA67C1B01B71500F8E95F /* Image.swift */; };
		D65EA6871B01B71F00F8E95F /* ImageTests.swift in Sources */ = {isa = PBXBuildFile; fileRef = D65EA6821B01B71F00F8E95F /* ImageTests.swift */; };
		D65EA6891B01B71F00F8E95F /* Test2x1.png in Resources */ = {isa = PBXBuildFile; fileRef = D65EA6841B01B71F00F8E95F /* Test2x1.png */; };
		D65EA68A1B01B71F00F8E95F /* Test2x2.png in Resources */ = {isa = PBXBuildFile; fileRef = D65EA6851B01B71F00F8E95F /* Test2x2.png */; };
		D65EA68B1B01B71F00F8E95F /* Test4x4.png in Resources */ = {isa = PBXBuildFile; fileRef = D65EA6861B01B71F00F8E95F /* Test4x4.png */; };
		D65EA68F1B01C7E600F8E95F /* RGBA.swift in Sources */ = {isa = PBXBuildFile; fileRef = D65EA68E1B01C7E600F8E95F /* RGBA.swift */; };
		D65FF07D1AFB66C7006CC985 /* EasyImagy.framework in Frameworks */ = {isa = PBXBuildFile; fileRef = D65FF0711AFB66C7006CC985 /* EasyImagy.framework */; };
		D69C339F1C8D19C8007985D4 /* EasyImagy.h in Headers */ = {isa = PBXBuildFile; fileRef = D65EA67B1B01B71500F8E95F /* EasyImagy.h */; settings = {ATTRIBUTES = (Public, ); }; };
		D69C33B01C8D3D2A007985D4 /* EasyImagy.framework in Frameworks */ = {isa = PBXBuildFile; fileRef = D69C33A61C8D3D2A007985D4 /* EasyImagy.framework */; };
		D69C33BD1C8D3EB1007985D4 /* Image.swift in Sources */ = {isa = PBXBuildFile; fileRef = D65EA67C1B01B71500F8E95F /* Image.swift */; };
		D69C33BE1C8D3EB1007985D4 /* ImageSlice.swift in Sources */ = {isa = PBXBuildFile; fileRef = D607D3EF1C7C471C00D2B0A4 /* ImageSlice.swift */; };
		D69C33BF1C8D3EB1007985D4 /* RGBA.swift in Sources */ = {isa = PBXBuildFile; fileRef = D65EA68E1B01C7E600F8E95F /* RGBA.swift */; };
		D69C33C01C8D3EB1007985D4 /* Util.swift in Sources */ = {isa = PBXBuildFile; fileRef = D607D3FB1C7C5EBF00D2B0A4 /* Util.swift */; };
		D69C33C11C8D3EB1007985D4 /* ImageHack.swift in Sources */ = {isa = PBXBuildFile; fileRef = D63B8BC51C7ED57200E09688 /* ImageHack.swift */; };
		D69C33C21C8D3EB7007985D4 /* ImageTests.swift in Sources */ = {isa = PBXBuildFile; fileRef = D65EA6821B01B71F00F8E95F /* ImageTests.swift */; };
		D69C33C31C8D3EB7007985D4 /* ImageSliceTests.swift in Sources */ = {isa = PBXBuildFile; fileRef = D607D3FF1C7D48A800D2B0A4 /* ImageSliceTests.swift */; };
		D69C33C41C8D3EB7007985D4 /* RGBATests.swift in Sources */ = {isa = PBXBuildFile; fileRef = D6B54D831B090EFA00E4709D /* RGBATests.swift */; };
		D69C33C51C8D3EB7007985D4 /* UtilTests.swift in Sources */ = {isa = PBXBuildFile; fileRef = D607D4011C7D54BB00D2B0A4 /* UtilTests.swift */; };
		D69C33C61C8D3EB7007985D4 /* MapPerformanceTest.swift in Sources */ = {isa = PBXBuildFile; fileRef = D607D4031C7D640B00D2B0A4 /* MapPerformanceTest.swift */; };
		D69C33C81C8D3EB7007985D4 /* ImageSlicePerformanceTests.swift in Sources */ = {isa = PBXBuildFile; fileRef = D63B8BC71C7F044000E09688 /* ImageSlicePerformanceTests.swift */; };
		D69C33C91C8D3EB7007985D4 /* PracticalOperationPerformanceTests.swift in Sources */ = {isa = PBXBuildFile; fileRef = D607D4051C7D6BA000D2B0A4 /* PracticalOperationPerformanceTests.swift */; };
		D69C33CA1C8D3EB7007985D4 /* SubscriptTests.swift in Sources */ = {isa = PBXBuildFile; fileRef = D6C2EDB41B02D54800E2B876 /* SubscriptTests.swift */; };
		D69C33CB1C8D3EB7007985D4 /* LoopPerformanceTests.swift in Sources */ = {isa = PBXBuildFile; fileRef = D6D85AA21B045BD300B966DB /* LoopPerformanceTests.swift */; };
		D69C33CC1C8D3EB7007985D4 /* GenericsPerformanceTest.swift in Sources */ = {isa = PBXBuildFile; fileRef = D607D3ED1C7C3F7100D2B0A4 /* GenericsPerformanceTest.swift */; };
		D69C33CD1C8D3EB7007985D4 /* MeanPerformanceTests.swift in Sources */ = {isa = PBXBuildFile; fileRef = D63B8BCB1C7FF11800E09688 /* MeanPerformanceTests.swift */; };
		D69C33CE1C8D3EC3007985D4 /* EasyImagy.h in Headers */ = {isa = PBXBuildFile; fileRef = D65EA67B1B01B71500F8E95F /* EasyImagy.h */; settings = {ATTRIBUTES = (Public, ); }; };
		D69C33CF1C8D42FD007985D4 /* Test2x1.png in Resources */ = {isa = PBXBuildFile; fileRef = D65EA6841B01B71F00F8E95F /* Test2x1.png */; };
		D69C33D01C8D42FD007985D4 /* Test2x2.png in Resources */ = {isa = PBXBuildFile; fileRef = D65EA6851B01B71F00F8E95F /* Test2x2.png */; };
		D69C33D11C8D42FD007985D4 /* Test4x4.png in Resources */ = {isa = PBXBuildFile; fileRef = D65EA6861B01B71F00F8E95F /* Test4x4.png */; };
		D69C33D31C8D6265007985D4 /* ImageUIKit.swift in Sources */ = {isa = PBXBuildFile; fileRef = D69C33D21C8D6265007985D4 /* ImageUIKit.swift */; };
		D69C33D51C8D627A007985D4 /* ImageAppKit.swift in Sources */ = {isa = PBXBuildFile; fileRef = D69C33D41C8D627A007985D4 /* ImageAppKit.swift */; };
		D69C33D61C8D62E0007985D4 /* ImageAppKit.swift in Sources */ = {isa = PBXBuildFile; fileRef = D69C33D41C8D627A007985D4 /* ImageAppKit.swift */; };
		D69C33D71C8D62E0007985D4 /* ImageUIKit.swift in Sources */ = {isa = PBXBuildFile; fileRef = D69C33D21C8D6265007985D4 /* ImageUIKit.swift */; };
		D69C33D91C8D66DD007985D4 /* ImageCoreGraphics.swift in Sources */ = {isa = PBXBuildFile; fileRef = D69C33D81C8D66DD007985D4 /* ImageCoreGraphics.swift */; };
		D69C33DA1C8D66E4007985D4 /* ImageCoreGraphics.swift in Sources */ = {isa = PBXBuildFile; fileRef = D69C33D81C8D66DD007985D4 /* ImageCoreGraphics.swift */; };
		D69C340F1C8EB942007985D4 /* EasyImagySample.swift in Sources */ = {isa = PBXBuildFile; fileRef = D69C340D1C8EB81D007985D4 /* EasyImagySample.swift */; };
		D6B54D841B090EFA00E4709D /* RGBATests.swift in Sources */ = {isa = PBXBuildFile; fileRef = D6B54D831B090EFA00E4709D /* RGBATests.swift */; };
		D6C2EDB51B02D54800E2B876 /* SubscriptTests.swift in Sources */ = {isa = PBXBuildFile; fileRef = D6C2EDB41B02D54800E2B876 /* SubscriptTests.swift */; };
		D6C2EDFD1B031A0900E2B876 /* AppDelegate.swift in Sources */ = {isa = PBXBuildFile; fileRef = D6C2EDFC1B031A0900E2B876 /* AppDelegate.swift */; };
		D6C2EDFF1B031A0900E2B876 /* ViewController.swift in Sources */ = {isa = PBXBuildFile; fileRef = D6C2EDFE1B031A0900E2B876 /* ViewController.swift */; };
		D6C2EE021B031A0900E2B876 /* Main.storyboard in Resources */ = {isa = PBXBuildFile; fileRef = D6C2EE001B031A0900E2B876 /* Main.storyboard */; };
		D6C2EE041B031A0900E2B876 /* Images.xcassets in Resources */ = {isa = PBXBuildFile; fileRef = D6C2EE031B031A0900E2B876 /* Images.xcassets */; };
		D6C2EE071B031A0900E2B876 /* LaunchScreen.xib in Resources */ = {isa = PBXBuildFile; fileRef = D6C2EE051B031A0900E2B876 /* LaunchScreen.xib */; };
		D6C2EE1A1B031A5B00E2B876 /* EasyImagy.framework in Frameworks */ = {isa = PBXBuildFile; fileRef = D65FF0711AFB66C7006CC985 /* EasyImagy.framework */; };
		D6C2EE1B1B031A5B00E2B876 /* EasyImagy.framework in Embed Frameworks */ = {isa = PBXBuildFile; fileRef = D65FF0711AFB66C7006CC985 /* EasyImagy.framework */; settings = {ATTRIBUTES = (CodeSignOnCopy, RemoveHeadersOnCopy, ); }; };
		D6C2EE201B03211C00E2B876 /* Image.jpg in Resources */ = {isa = PBXBuildFile; fileRef = D6C2EE1F1B03211C00E2B876 /* Image.jpg */; };
		D6D85AA31B045BD300B966DB /* LoopPerformanceTests.swift in Sources */ = {isa = PBXBuildFile; fileRef = D6D85AA21B045BD300B966DB /* LoopPerformanceTests.swift */; };
/* End PBXBuildFile section */

/* Begin PBXContainerItemProxy section */
		D65FF07E1AFB66C7006CC985 /* PBXContainerItemProxy */ = {
			isa = PBXContainerItemProxy;
			containerPortal = D65FF0681AFB66C7006CC985 /* Project object */;
			proxyType = 1;
			remoteGlobalIDString = D65FF0701AFB66C7006CC985;
			remoteInfo = EasyImagy;
		};
		D69C33B11C8D3D2A007985D4 /* PBXContainerItemProxy */ = {
			isa = PBXContainerItemProxy;
			containerPortal = D65FF0681AFB66C7006CC985 /* Project object */;
			proxyType = 1;
			remoteGlobalIDString = D69C33A51C8D3D2A007985D4;
			remoteInfo = "EasyImagy-OSX";
		};
		D6C2EE1C1B031A5B00E2B876 /* PBXContainerItemProxy */ = {
			isa = PBXContainerItemProxy;
			containerPortal = D65FF0681AFB66C7006CC985 /* Project object */;
			proxyType = 1;
			remoteGlobalIDString = D65FF0701AFB66C7006CC985;
			remoteInfo = EasyImagy;
		};
/* End PBXContainerItemProxy section */

/* Begin PBXCopyFilesBuildPhase section */
		D6C2EE1E1B031A5B00E2B876 /* Embed Frameworks */ = {
			isa = PBXCopyFilesBuildPhase;
			buildActionMask = 2147483647;
			dstPath = "";
			dstSubfolderSpec = 10;
			files = (
				D6C2EE1B1B031A5B00E2B876 /* EasyImagy.framework in Embed Frameworks */,
			);
			name = "Embed Frameworks";
			runOnlyForDeploymentPostprocessing = 0;
		};
/* End PBXCopyFilesBuildPhase section */

/* Begin PBXFileReference section */
		D607D3ED1C7C3F7100D2B0A4 /* GenericsPerformanceTest.swift */ = {isa = PBXFileReference; fileEncoding = 4; lastKnownFileType = sourcecode.swift; path = GenericsPerformanceTest.swift; sourceTree = "<group>"; };
		D607D3EF1C7C471C00D2B0A4 /* ImageSlice.swift */ = {isa = PBXFileReference; fileEncoding = 4; lastKnownFileType = sourcecode.swift; path = ImageSlice.swift; sourceTree = "<group>"; };
		D607D3FB1C7C5EBF00D2B0A4 /* Util.swift */ = {isa = PBXFileReference; fileEncoding = 4; lastKnownFileType = sourcecode.swift; path = Util.swift; sourceTree = "<group>"; };
		D607D3FF1C7D48A800D2B0A4 /* ImageSliceTests.swift */ = {isa = PBXFileReference; fileEncoding = 4; lastKnownFileType = sourcecode.swift; path = ImageSliceTests.swift; sourceTree = "<group>"; };
		D607D4011C7D54BB00D2B0A4 /* UtilTests.swift */ = {isa = PBXFileReference; fileEncoding = 4; lastKnownFileType = sourcecode.swift; path = UtilTests.swift; sourceTree = "<group>"; };
		D607D4031C7D640B00D2B0A4 /* MapPerformanceTest.swift */ = {isa = PBXFileReference; fileEncoding = 4; lastKnownFileType = sourcecode.swift; path = MapPerformanceTest.swift; sourceTree = "<group>"; };
		D607D4051C7D6BA000D2B0A4 /* PracticalOperationPerformanceTests.swift */ = {isa = PBXFileReference; fileEncoding = 4; lastKnownFileType = sourcecode.swift; path = PracticalOperationPerformanceTests.swift; sourceTree = "<group>"; };
		D6118EF41C92D4FF0029F45F /* Protocols.swift */ = {isa = PBXFileReference; fileEncoding = 4; lastKnownFileType = sourcecode.swift; path = Protocols.swift; sourceTree = "<group>"; };
		D63B8BC51C7ED57200E09688 /* ImageHack.swift */ = {isa = PBXFileReference; fileEncoding = 4; lastKnownFileType = sourcecode.swift; path = ImageHack.swift; sourceTree = "<group>"; };
		D63B8BC71C7F044000E09688 /* ImageSlicePerformanceTests.swift */ = {isa = PBXFileReference; fileEncoding = 4; lastKnownFileType = sourcecode.swift; path = ImageSlicePerformanceTests.swift; sourceTree = "<group>"; };
		D63B8BCB1C7FF11800E09688 /* MeanPerformanceTests.swift */ = {isa = PBXFileReference; fileEncoding = 4; lastKnownFileType = sourcecode.swift; path = MeanPerformanceTests.swift; sourceTree = "<group>"; };
		D65C4CEE1CABE7B0008BC376 /* ConvolutionPerformanceTests.swift */ = {isa = PBXFileReference; fileEncoding = 4; lastKnownFileType = sourcecode.swift; path = ConvolutionPerformanceTests.swift; sourceTree = "<group>"; };
		D65EA67B1B01B71500F8E95F /* EasyImagy.h */ = {isa = PBXFileReference; fileEncoding = 4; lastKnownFileType = sourcecode.c.h; path = EasyImagy.h; sourceTree = "<group>"; };
		D65EA67C1B01B71500F8E95F /* Image.swift */ = {isa = PBXFileReference; fileEncoding = 4; lastKnownFileType = sourcecode.swift; path = Image.swift; sourceTree = "<group>"; usesTabs = 1; };
		D65EA67D1B01B71500F8E95F /* Info.plist */ = {isa = PBXFileReference; fileEncoding = 4; lastKnownFileType = text.plist.xml; path = Info.plist; sourceTree = "<group>"; };
		D65EA6821B01B71F00F8E95F /* ImageTests.swift */ = {isa = PBXFileReference; fileEncoding = 4; lastKnownFileType = sourcecode.swift; path = ImageTests.swift; sourceTree = "<group>"; };
		D65EA6831B01B71F00F8E95F /* Info.plist */ = {isa = PBXFileReference; fileEncoding = 4; lastKnownFileType = text.plist.xml; path = Info.plist; sourceTree = "<group>"; };
		D65EA6841B01B71F00F8E95F /* Test2x1.png */ = {isa = PBXFileReference; lastKnownFileType = image.png; path = Test2x1.png; sourceTree = "<group>"; };
		D65EA6851B01B71F00F8E95F /* Test2x2.png */ = {isa = PBXFileReference; lastKnownFileType = image.png; path = Test2x2.png; sourceTree = "<group>"; };
		D65EA6861B01B71F00F8E95F /* Test4x4.png */ = {isa = PBXFileReference; lastKnownFileType = image.png; path = Test4x4.png; sourceTree = "<group>"; };
		D65EA68E1B01C7E600F8E95F /* RGBA.swift */ = {isa = PBXFileReference; fileEncoding = 4; lastKnownFileType = sourcecode.swift; path = RGBA.swift; sourceTree = "<group>"; };
		D65FF0711AFB66C7006CC985 /* EasyImagy.framework */ = {isa = PBXFileReference; explicitFileType = wrapper.framework; includeInIndex = 0; path = EasyImagy.framework; sourceTree = BUILT_PRODUCTS_DIR; };
		D65FF07C1AFB66C7006CC985 /* EasyImagyTests.xctest */ = {isa = PBXFileReference; explicitFileType = wrapper.cfbundle; includeInIndex = 0; path = EasyImagyTests.xctest; sourceTree = BUILT_PRODUCTS_DIR; };
		D69C33A61C8D3D2A007985D4 /* EasyImagy.framework */ = {isa = PBXFileReference; explicitFileType = wrapper.framework; includeInIndex = 0; path = EasyImagy.framework; sourceTree = BUILT_PRODUCTS_DIR; };
		D69C33AF1C8D3D2A007985D4 /* EasyImagyTests.xctest */ = {isa = PBXFileReference; explicitFileType = wrapper.cfbundle; includeInIndex = 0; path = EasyImagyTests.xctest; sourceTree = BUILT_PRODUCTS_DIR; };
		D69C33D21C8D6265007985D4 /* ImageUIKit.swift */ = {isa = PBXFileReference; fileEncoding = 4; lastKnownFileType = sourcecode.swift; path = ImageUIKit.swift; sourceTree = "<group>"; };
		D69C33D41C8D627A007985D4 /* ImageAppKit.swift */ = {isa = PBXFileReference; fileEncoding = 4; lastKnownFileType = sourcecode.swift; path = ImageAppKit.swift; sourceTree = "<group>"; };
		D69C33D81C8D66DD007985D4 /* ImageCoreGraphics.swift */ = {isa = PBXFileReference; fileEncoding = 4; lastKnownFileType = sourcecode.swift; path = ImageCoreGraphics.swift; sourceTree = "<group>"; };
		D69C340D1C8EB81D007985D4 /* EasyImagySample.swift */ = {isa = PBXFileReference; fileEncoding = 4; lastKnownFileType = sourcecode.swift; path = EasyImagySample.swift; sourceTree = "<group>"; };
		D6B54D831B090EFA00E4709D /* RGBATests.swift */ = {isa = PBXFileReference; fileEncoding = 4; lastKnownFileType = sourcecode.swift; path = RGBATests.swift; sourceTree = "<group>"; };
		D6C2EDB41B02D54800E2B876 /* SubscriptTests.swift */ = {isa = PBXFileReference; fileEncoding = 4; lastKnownFileType = sourcecode.swift; lineEnding = 0; path = SubscriptTests.swift; sourceTree = "<group>"; xcLanguageSpecificationIdentifier = xcode.lang.swift; };
		D6C2EDF81B031A0900E2B876 /* EasyImagySample.app */ = {isa = PBXFileReference; explicitFileType = wrapper.application; includeInIndex = 0; path = EasyImagySample.app; sourceTree = BUILT_PRODUCTS_DIR; };
		D6C2EDFB1B031A0900E2B876 /* Info.plist */ = {isa = PBXFileReference; lastKnownFileType = text.plist.xml; path = Info.plist; sourceTree = "<group>"; };
		D6C2EDFC1B031A0900E2B876 /* AppDelegate.swift */ = {isa = PBXFileReference; lastKnownFileType = sourcecode.swift; path = AppDelegate.swift; sourceTree = "<group>"; };
		D6C2EDFE1B031A0900E2B876 /* ViewController.swift */ = {isa = PBXFileReference; lastKnownFileType = sourcecode.swift; path = ViewController.swift; sourceTree = "<group>"; };
		D6C2EE011B031A0900E2B876 /* Base */ = {isa = PBXFileReference; lastKnownFileType = file.storyboard; name = Base; path = Base.lproj/Main.storyboard; sourceTree = "<group>"; };
		D6C2EE031B031A0900E2B876 /* Images.xcassets */ = {isa = PBXFileReference; lastKnownFileType = folder.assetcatalog; path = Images.xcassets; sourceTree = "<group>"; };
		D6C2EE061B031A0900E2B876 /* Base */ = {isa = PBXFileReference; lastKnownFileType = file.xib; name = Base; path = Base.lproj/LaunchScreen.xib; sourceTree = "<group>"; };
		D6C2EE1F1B03211C00E2B876 /* Image.jpg */ = {isa = PBXFileReference; lastKnownFileType = image.jpeg; path = Image.jpg; sourceTree = "<group>"; };
		D6D85AA21B045BD300B966DB /* LoopPerformanceTests.swift */ = {isa = PBXFileReference; fileEncoding = 4; lastKnownFileType = sourcecode.swift; path = LoopPerformanceTests.swift; sourceTree = "<group>"; };
/* End PBXFileReference section */

/* Begin PBXFrameworksBuildPhase section */
		D65FF06D1AFB66C7006CC985 /* Frameworks */ = {
			isa = PBXFrameworksBuildPhase;
			buildActionMask = 2147483647;
			files = (
			);
			runOnlyForDeploymentPostprocessing = 0;
		};
		D65FF0791AFB66C7006CC985 /* Frameworks */ = {
			isa = PBXFrameworksBuildPhase;
			buildActionMask = 2147483647;
			files = (
				D65FF07D1AFB66C7006CC985 /* EasyImagy.framework in Frameworks */,
			);
			runOnlyForDeploymentPostprocessing = 0;
		};
		D69C33A21C8D3D2A007985D4 /* Frameworks */ = {
			isa = PBXFrameworksBuildPhase;
			buildActionMask = 2147483647;
			files = (
			);
			runOnlyForDeploymentPostprocessing = 0;
		};
		D69C33AC1C8D3D2A007985D4 /* Frameworks */ = {
			isa = PBXFrameworksBuildPhase;
			buildActionMask = 2147483647;
			files = (
				D69C33B01C8D3D2A007985D4 /* EasyImagy.framework in Frameworks */,
			);
			runOnlyForDeploymentPostprocessing = 0;
		};
		D6C2EDF51B031A0900E2B876 /* Frameworks */ = {
			isa = PBXFrameworksBuildPhase;
			buildActionMask = 2147483647;
			files = (
				D6C2EE1A1B031A5B00E2B876 /* EasyImagy.framework in Frameworks */,
			);
			runOnlyForDeploymentPostprocessing = 0;
		};
/* End PBXFrameworksBuildPhase section */

/* Begin PBXGroup section */
		D65EA67A1B01B71500F8E95F /* EasyImagy */ = {
			isa = PBXGroup;
			children = (
				D65EA67B1B01B71500F8E95F /* EasyImagy.h */,
				D65EA67C1B01B71500F8E95F /* Image.swift */,
				D69C33D81C8D66DD007985D4 /* ImageCoreGraphics.swift */,
				D69C33D41C8D627A007985D4 /* ImageAppKit.swift */,
				D69C33D21C8D6265007985D4 /* ImageUIKit.swift */,
				D607D3EF1C7C471C00D2B0A4 /* ImageSlice.swift */,
				D65EA68E1B01C7E600F8E95F /* RGBA.swift */,
				D607D3FB1C7C5EBF00D2B0A4 /* Util.swift */,
				D6118EF41C92D4FF0029F45F /* Protocols.swift */,
				D63B8BC51C7ED57200E09688 /* ImageHack.swift */,
				D65EA68D1B01BE0D00F8E95F /* Supporting Files */,
			);
			path = EasyImagy;
			sourceTree = "<group>";
		};
		D65EA6811B01B71F00F8E95F /* EasyImagyTests */ = {
			isa = PBXGroup;
			children = (
				D69C340D1C8EB81D007985D4 /* EasyImagySample.swift */,
				D65EA6821B01B71F00F8E95F /* ImageTests.swift */,
				D607D3FF1C7D48A800D2B0A4 /* ImageSliceTests.swift */,
				D6B54D831B090EFA00E4709D /* RGBATests.swift */,
				D607D4011C7D54BB00D2B0A4 /* UtilTests.swift */,
				D607D4031C7D640B00D2B0A4 /* MapPerformanceTest.swift */,
				D63B8BC71C7F044000E09688 /* ImageSlicePerformanceTests.swift */,
				D607D4051C7D6BA000D2B0A4 /* PracticalOperationPerformanceTests.swift */,
				D6C2EDB41B02D54800E2B876 /* SubscriptTests.swift */,
				D6D85AA21B045BD300B966DB /* LoopPerformanceTests.swift */,
				D607D3ED1C7C3F7100D2B0A4 /* GenericsPerformanceTest.swift */,
				D65C4CEE1CABE7B0008BC376 /* ConvolutionPerformanceTests.swift */,
				D63B8BCB1C7FF11800E09688 /* MeanPerformanceTests.swift */,
				D65EA68C1B01BDB900F8E95F /* Supporting Files */,
			);
			path = EasyImagyTests;
			sourceTree = "<group>";
		};
		D65EA68C1B01BDB900F8E95F /* Supporting Files */ = {
			isa = PBXGroup;
			children = (
				D65EA6831B01B71F00F8E95F /* Info.plist */,
				D65EA6841B01B71F00F8E95F /* Test2x1.png */,
				D65EA6851B01B71F00F8E95F /* Test2x2.png */,
				D65EA6861B01B71F00F8E95F /* Test4x4.png */,
			);
			name = "Supporting Files";
			sourceTree = "<group>";
		};
		D65EA68D1B01BE0D00F8E95F /* Supporting Files */ = {
			isa = PBXGroup;
			children = (
				D65EA67D1B01B71500F8E95F /* Info.plist */,
			);
			name = "Supporting Files";
			sourceTree = "<group>";
		};
		D65FF0671AFB66C7006CC985 = {
			isa = PBXGroup;
			children = (
				D65EA67A1B01B71500F8E95F /* EasyImagy */,
				D65EA6811B01B71F00F8E95F /* EasyImagyTests */,
				D6C2EDF91B031A0900E2B876 /* EasyImagySample */,
				D65FF0721AFB66C7006CC985 /* Products */,
			);
			sourceTree = "<group>";
		};
		D65FF0721AFB66C7006CC985 /* Products */ = {
			isa = PBXGroup;
			children = (
				D65FF0711AFB66C7006CC985 /* EasyImagy.framework */,
				D65FF07C1AFB66C7006CC985 /* EasyImagyTests.xctest */,
				D6C2EDF81B031A0900E2B876 /* EasyImagySample.app */,
				D69C33A61C8D3D2A007985D4 /* EasyImagy.framework */,
				D69C33AF1C8D3D2A007985D4 /* EasyImagyTests.xctest */,
			);
			name = Products;
			sourceTree = "<group>";
		};
		D6C2EDF91B031A0900E2B876 /* EasyImagySample */ = {
			isa = PBXGroup;
			children = (
				D6C2EDFC1B031A0900E2B876 /* AppDelegate.swift */,
				D6C2EDFE1B031A0900E2B876 /* ViewController.swift */,
				D6C2EE001B031A0900E2B876 /* Main.storyboard */,
				D6C2EE031B031A0900E2B876 /* Images.xcassets */,
				D6C2EE051B031A0900E2B876 /* LaunchScreen.xib */,
				D6C2EDFA1B031A0900E2B876 /* Supporting Files */,
			);
			path = EasyImagySample;
			sourceTree = "<group>";
		};
		D6C2EDFA1B031A0900E2B876 /* Supporting Files */ = {
			isa = PBXGroup;
			children = (
				D6C2EDFB1B031A0900E2B876 /* Info.plist */,
				D6C2EE1F1B03211C00E2B876 /* Image.jpg */,
			);
			name = "Supporting Files";
			sourceTree = "<group>";
		};
/* End PBXGroup section */

/* Begin PBXHeadersBuildPhase section */
		D65FF06E1AFB66C7006CC985 /* Headers */ = {
			isa = PBXHeadersBuildPhase;
			buildActionMask = 2147483647;
			files = (
				D69C339F1C8D19C8007985D4 /* EasyImagy.h in Headers */,
			);
			runOnlyForDeploymentPostprocessing = 0;
		};
		D69C33A31C8D3D2A007985D4 /* Headers */ = {
			isa = PBXHeadersBuildPhase;
			buildActionMask = 2147483647;
			files = (
				D69C33CE1C8D3EC3007985D4 /* EasyImagy.h in Headers */,
			);
			runOnlyForDeploymentPostprocessing = 0;
		};
/* End PBXHeadersBuildPhase section */

/* Begin PBXNativeTarget section */
		D65FF0701AFB66C7006CC985 /* EasyImagy-iOS */ = {
			isa = PBXNativeTarget;
			buildConfigurationList = D65FF0871AFB66C7006CC985 /* Build configuration list for PBXNativeTarget "EasyImagy-iOS" */;
			buildPhases = (
				D65FF06C1AFB66C7006CC985 /* Sources */,
				D65FF06D1AFB66C7006CC985 /* Frameworks */,
				D65FF06E1AFB66C7006CC985 /* Headers */,
				D65FF06F1AFB66C7006CC985 /* Resources */,
			);
			buildRules = (
			);
			dependencies = (
			);
			name = "EasyImagy-iOS";
			productName = EasyImagy;
			productReference = D65FF0711AFB66C7006CC985 /* EasyImagy.framework */;
			productType = "com.apple.product-type.framework";
		};
		D65FF07B1AFB66C7006CC985 /* EasyImagy-iOS Tests */ = {
			isa = PBXNativeTarget;
			buildConfigurationList = D65FF08A1AFB66C7006CC985 /* Build configuration list for PBXNativeTarget "EasyImagy-iOS Tests" */;
			buildPhases = (
				D65FF0781AFB66C7006CC985 /* Sources */,
				D65FF0791AFB66C7006CC985 /* Frameworks */,
				D65FF07A1AFB66C7006CC985 /* Resources */,
			);
			buildRules = (
			);
			dependencies = (
				D65FF07F1AFB66C7006CC985 /* PBXTargetDependency */,
			);
			name = "EasyImagy-iOS Tests";
			productName = EasyImagyTests;
			productReference = D65FF07C1AFB66C7006CC985 /* EasyImagyTests.xctest */;
			productType = "com.apple.product-type.bundle.unit-test";
		};
		D69C33A51C8D3D2A007985D4 /* EasyImagy-OSX */ = {
			isa = PBXNativeTarget;
			buildConfigurationList = D69C33B71C8D3D2A007985D4 /* Build configuration list for PBXNativeTarget "EasyImagy-OSX" */;
			buildPhases = (
				D69C33A11C8D3D2A007985D4 /* Sources */,
				D69C33A21C8D3D2A007985D4 /* Frameworks */,
				D69C33A31C8D3D2A007985D4 /* Headers */,
				D69C33A41C8D3D2A007985D4 /* Resources */,
			);
			buildRules = (
			);
			dependencies = (
			);
			name = "EasyImagy-OSX";
			productName = "EasyImagy-OSX";
			productReference = D69C33A61C8D3D2A007985D4 /* EasyImagy.framework */;
			productType = "com.apple.product-type.framework";
		};
		D69C33AE1C8D3D2A007985D4 /* EasyImagy-OSX Tests */ = {
			isa = PBXNativeTarget;
			buildConfigurationList = D69C33BA1C8D3D2A007985D4 /* Build configuration list for PBXNativeTarget "EasyImagy-OSX Tests" */;
			buildPhases = (
				D69C33AB1C8D3D2A007985D4 /* Sources */,
				D69C33AC1C8D3D2A007985D4 /* Frameworks */,
				D69C33AD1C8D3D2A007985D4 /* Resources */,
			);
			buildRules = (
			);
			dependencies = (
				D69C33B21C8D3D2A007985D4 /* PBXTargetDependency */,
			);
			name = "EasyImagy-OSX Tests";
			productName = "EasyImagy-OSXTests";
			productReference = D69C33AF1C8D3D2A007985D4 /* EasyImagyTests.xctest */;
			productType = "com.apple.product-type.bundle.unit-test";
		};
		D6C2EDF71B031A0900E2B876 /* EasyImagySample */ = {
			isa = PBXNativeTarget;
			buildConfigurationList = D6C2EE181B031A0900E2B876 /* Build configuration list for PBXNativeTarget "EasyImagySample" */;
			buildPhases = (
				D6C2EDF41B031A0900E2B876 /* Sources */,
				D6C2EDF51B031A0900E2B876 /* Frameworks */,
				D6C2EDF61B031A0900E2B876 /* Resources */,
				D6C2EE1E1B031A5B00E2B876 /* Embed Frameworks */,
			);
			buildRules = (
			);
			dependencies = (
				D6C2EE1D1B031A5B00E2B876 /* PBXTargetDependency */,
			);
			name = EasyImagySample;
			productName = EasyImagySample;
			productReference = D6C2EDF81B031A0900E2B876 /* EasyImagySample.app */;
			productType = "com.apple.product-type.application";
		};
/* End PBXNativeTarget section */

/* Begin PBXProject section */
		D65FF0681AFB66C7006CC985 /* Project object */ = {
			isa = PBXProject;
			attributes = {
				LastSwiftMigration = 0700;
				LastSwiftUpdateCheck = 0720;
				LastUpgradeCheck = 0700;
				ORGANIZATIONNAME = koherent.org;
				TargetAttributes = {
					D65FF0701AFB66C7006CC985 = {
						CreatedOnToolsVersion = 6.3.1;
						LastSwiftMigration = 0800;
					};
					D65FF07B1AFB66C7006CC985 = {
						CreatedOnToolsVersion = 6.3.1;
						LastSwiftMigration = 0800;
					};
					D69C33A51C8D3D2A007985D4 = {
						CreatedOnToolsVersion = 7.2.1;
						LastSwiftMigration = 0800;
					};
					D69C33AE1C8D3D2A007985D4 = {
						CreatedOnToolsVersion = 7.2.1;
						LastSwiftMigration = 0800;
					};
					D6C2EDF71B031A0900E2B876 = {
						CreatedOnToolsVersion = 6.3.1;
					};
				};
			};
			buildConfigurationList = D65FF06B1AFB66C7006CC985 /* Build configuration list for PBXProject "EasyImagy" */;
			compatibilityVersion = "Xcode 3.2";
			developmentRegion = English;
			hasScannedForEncodings = 0;
			knownRegions = (
				en,
				Base,
			);
			mainGroup = D65FF0671AFB66C7006CC985;
			productRefGroup = D65FF0721AFB66C7006CC985 /* Products */;
			projectDirPath = "";
			projectRoot = "";
			targets = (
				D65FF0701AFB66C7006CC985 /* EasyImagy-iOS */,
				D69C33A51C8D3D2A007985D4 /* EasyImagy-OSX */,
				D65FF07B1AFB66C7006CC985 /* EasyImagy-iOS Tests */,
				D69C33AE1C8D3D2A007985D4 /* EasyImagy-OSX Tests */,
				D6C2EDF71B031A0900E2B876 /* EasyImagySample */,
			);
		};
/* End PBXProject section */

/* Begin PBXResourcesBuildPhase section */
		D65FF06F1AFB66C7006CC985 /* Resources */ = {
			isa = PBXResourcesBuildPhase;
			buildActionMask = 2147483647;
			files = (
			);
			runOnlyForDeploymentPostprocessing = 0;
		};
		D65FF07A1AFB66C7006CC985 /* Resources */ = {
			isa = PBXResourcesBuildPhase;
			buildActionMask = 2147483647;
			files = (
				D65EA68A1B01B71F00F8E95F /* Test2x2.png in Resources */,
				D65EA68B1B01B71F00F8E95F /* Test4x4.png in Resources */,
				D65EA6891B01B71F00F8E95F /* Test2x1.png in Resources */,
			);
			runOnlyForDeploymentPostprocessing = 0;
		};
		D69C33A41C8D3D2A007985D4 /* Resources */ = {
			isa = PBXResourcesBuildPhase;
			buildActionMask = 2147483647;
			files = (
			);
			runOnlyForDeploymentPostprocessing = 0;
		};
		D69C33AD1C8D3D2A007985D4 /* Resources */ = {
			isa = PBXResourcesBuildPhase;
			buildActionMask = 2147483647;
			files = (
				D69C33D11C8D42FD007985D4 /* Test4x4.png in Resources */,
				D69C33D01C8D42FD007985D4 /* Test2x2.png in Resources */,
				D69C33CF1C8D42FD007985D4 /* Test2x1.png in Resources */,
			);
			runOnlyForDeploymentPostprocessing = 0;
		};
		D6C2EDF61B031A0900E2B876 /* Resources */ = {
			isa = PBXResourcesBuildPhase;
			buildActionMask = 2147483647;
			files = (
				D6C2EE021B031A0900E2B876 /* Main.storyboard in Resources */,
				D6C2EE071B031A0900E2B876 /* LaunchScreen.xib in Resources */,
				D6C2EE041B031A0900E2B876 /* Images.xcassets in Resources */,
				D6C2EE201B03211C00E2B876 /* Image.jpg in Resources */,
			);
			runOnlyForDeploymentPostprocessing = 0;
		};
/* End PBXResourcesBuildPhase section */

/* Begin PBXSourcesBuildPhase section */
		D65FF06C1AFB66C7006CC985 /* Sources */ = {
			isa = PBXSourcesBuildPhase;
			buildActionMask = 2147483647;
			files = (
				D65EA68F1B01C7E600F8E95F /* RGBA.swift in Sources */,
				D607D3F01C7C471C00D2B0A4 /* ImageSlice.swift in Sources */,
				D69C33D31C8D6265007985D4 /* ImageUIKit.swift in Sources */,
				D6118EF51C92D5000029F45F /* Protocols.swift in Sources */,
				D607D3FC1C7C5EBF00D2B0A4 /* Util.swift in Sources */,
				D69C33D51C8D627A007985D4 /* ImageAppKit.swift in Sources */,
				D63B8BC61C7ED57200E09688 /* ImageHack.swift in Sources */,
				D65EA67F1B01B71500F8E95F /* Image.swift in Sources */,
				D69C33D91C8D66DD007985D4 /* ImageCoreGraphics.swift in Sources */,
			);
			runOnlyForDeploymentPostprocessing = 0;
		};
		D65FF0781AFB66C7006CC985 /* Sources */ = {
			isa = PBXSourcesBuildPhase;
			buildActionMask = 2147483647;
			files = (
				D65C4CF01CABE878008BC376 /* ConvolutionPerformanceTests.swift in Sources */,
				D63B8BC81C7F044000E09688 /* ImageSlicePerformanceTests.swift in Sources */,
				D607D3EE1C7C3F7100D2B0A4 /* GenericsPerformanceTest.swift in Sources */,
				D6B54D841B090EFA00E4709D /* RGBATests.swift in Sources */,
				D607D4021C7D54BB00D2B0A4 /* UtilTests.swift in Sources */,
				D6D85AA31B045BD300B966DB /* LoopPerformanceTests.swift in Sources */,
				D607D4001C7D48A900D2B0A4 /* ImageSliceTests.swift in Sources */,
				D607D4061C7D6BA000D2B0A4 /* PracticalOperationPerformanceTests.swift in Sources */,
				D69C340F1C8EB942007985D4 /* EasyImagySample.swift in Sources */,
				D607D4041C7D640B00D2B0A4 /* MapPerformanceTest.swift in Sources */,
				D65EA6871B01B71F00F8E95F /* ImageTests.swift in Sources */,
				D6C2EDB51B02D54800E2B876 /* SubscriptTests.swift in Sources */,
				D63B8BCC1C7FF11800E09688 /* MeanPerformanceTests.swift in Sources */,
			);
			runOnlyForDeploymentPostprocessing = 0;
		};
		D69C33A11C8D3D2A007985D4 /* Sources */ = {
			isa = PBXSourcesBuildPhase;
			buildActionMask = 2147483647;
			files = (
				D69C33D71C8D62E0007985D4 /* ImageUIKit.swift in Sources */,
				D69C33D61C8D62E0007985D4 /* ImageAppKit.swift in Sources */,
				D69C33BE1C8D3EB1007985D4 /* ImageSlice.swift in Sources */,
				D6118EF61C92D5160029F45F /* Protocols.swift in Sources */,
				D69C33BD1C8D3EB1007985D4 /* Image.swift in Sources */,
				D69C33C11C8D3EB1007985D4 /* ImageHack.swift in Sources */,
				D69C33BF1C8D3EB1007985D4 /* RGBA.swift in Sources */,
				D69C33C01C8D3EB1007985D4 /* Util.swift in Sources */,
				D69C33DA1C8D66E4007985D4 /* ImageCoreGraphics.swift in Sources */,
			);
			runOnlyForDeploymentPostprocessing = 0;
		};
		D69C33AB1C8D3D2A007985D4 /* Sources */ = {
			isa = PBXSourcesBuildPhase;
			buildActionMask = 2147483647;
			files = (
				D69C33C91C8D3EB7007985D4 /* PracticalOperationPerformanceTests.swift in Sources */,
				D69C33CC1C8D3EB7007985D4 /* GenericsPerformanceTest.swift in Sources */,
				D69C33CB1C8D3EB7007985D4 /* LoopPerformanceTests.swift in Sources */,
				D65C4CF11CABE878008BC376 /* ConvolutionPerformanceTests.swift in Sources */,
				D69C33C61C8D3EB7007985D4 /* MapPerformanceTest.swift in Sources */,
				D69C33C41C8D3EB7007985D4 /* RGBATests.swift in Sources */,
				D69C33C31C8D3EB7007985D4 /* ImageSliceTests.swift in Sources */,
				D69C33CD1C8D3EB7007985D4 /* MeanPerformanceTests.swift in Sources */,
				D69C33C51C8D3EB7007985D4 /* UtilTests.swift in Sources */,
				D69C33C81C8D3EB7007985D4 /* ImageSlicePerformanceTests.swift in Sources */,
				D69C33C21C8D3EB7007985D4 /* ImageTests.swift in Sources */,
				D69C33CA1C8D3EB7007985D4 /* SubscriptTests.swift in Sources */,
			);
			runOnlyForDeploymentPostprocessing = 0;
		};
		D6C2EDF41B031A0900E2B876 /* Sources */ = {
			isa = PBXSourcesBuildPhase;
			buildActionMask = 2147483647;
			files = (
				D6C2EDFF1B031A0900E2B876 /* ViewController.swift in Sources */,
				D6C2EDFD1B031A0900E2B876 /* AppDelegate.swift in Sources */,
			);
			runOnlyForDeploymentPostprocessing = 0;
		};
/* End PBXSourcesBuildPhase section */

/* Begin PBXTargetDependency section */
		D65FF07F1AFB66C7006CC985 /* PBXTargetDependency */ = {
			isa = PBXTargetDependency;
			target = D65FF0701AFB66C7006CC985 /* EasyImagy-iOS */;
			targetProxy = D65FF07E1AFB66C7006CC985 /* PBXContainerItemProxy */;
		};
		D69C33B21C8D3D2A007985D4 /* PBXTargetDependency */ = {
			isa = PBXTargetDependency;
			target = D69C33A51C8D3D2A007985D4 /* EasyImagy-OSX */;
			targetProxy = D69C33B11C8D3D2A007985D4 /* PBXContainerItemProxy */;
		};
		D6C2EE1D1B031A5B00E2B876 /* PBXTargetDependency */ = {
			isa = PBXTargetDependency;
			target = D65FF0701AFB66C7006CC985 /* EasyImagy-iOS */;
			targetProxy = D6C2EE1C1B031A5B00E2B876 /* PBXContainerItemProxy */;
		};
/* End PBXTargetDependency section */

/* Begin PBXVariantGroup section */
		D6C2EE001B031A0900E2B876 /* Main.storyboard */ = {
			isa = PBXVariantGroup;
			children = (
				D6C2EE011B031A0900E2B876 /* Base */,
			);
			name = Main.storyboard;
			sourceTree = "<group>";
		};
		D6C2EE051B031A0900E2B876 /* LaunchScreen.xib */ = {
			isa = PBXVariantGroup;
			children = (
				D6C2EE061B031A0900E2B876 /* Base */,
			);
			name = LaunchScreen.xib;
			sourceTree = "<group>";
		};
/* End PBXVariantGroup section */

/* Begin XCBuildConfiguration section */
		D65FF0851AFB66C7006CC985 /* Debug */ = {
			isa = XCBuildConfiguration;
			buildSettings = {
				ALWAYS_SEARCH_USER_PATHS = NO;
				CLANG_CXX_LANGUAGE_STANDARD = "gnu++0x";
				CLANG_CXX_LIBRARY = "libc++";
				CLANG_ENABLE_MODULES = YES;
				CLANG_ENABLE_OBJC_ARC = YES;
				CLANG_WARN_BOOL_CONVERSION = YES;
				CLANG_WARN_CONSTANT_CONVERSION = YES;
				CLANG_WARN_DIRECT_OBJC_ISA_USAGE = YES_ERROR;
				CLANG_WARN_EMPTY_BODY = YES;
				CLANG_WARN_ENUM_CONVERSION = YES;
				CLANG_WARN_INT_CONVERSION = YES;
				CLANG_WARN_OBJC_ROOT_CLASS = YES_ERROR;
				CLANG_WARN_UNREACHABLE_CODE = YES;
				CLANG_WARN__DUPLICATE_METHOD_MATCH = YES;
				"CODE_SIGN_IDENTITY[sdk=iphoneos*]" = "iPhone Developer";
				COPY_PHASE_STRIP = NO;
				CURRENT_PROJECT_VERSION = 1;
				DEBUG_INFORMATION_FORMAT = "dwarf-with-dsym";
				ENABLE_STRICT_OBJC_MSGSEND = YES;
				ENABLE_TESTABILITY = YES;
				GCC_C_LANGUAGE_STANDARD = gnu99;
				GCC_DYNAMIC_NO_PIC = NO;
				GCC_NO_COMMON_BLOCKS = YES;
				GCC_OPTIMIZATION_LEVEL = 0;
				GCC_PREPROCESSOR_DEFINITIONS = (
					"DEBUG=1",
					"$(inherited)",
				);
				GCC_SYMBOLS_PRIVATE_EXTERN = NO;
				GCC_WARN_64_TO_32_BIT_CONVERSION = YES;
				GCC_WARN_ABOUT_RETURN_TYPE = YES_ERROR;
				GCC_WARN_UNDECLARED_SELECTOR = YES;
				GCC_WARN_UNINITIALIZED_AUTOS = YES_AGGRESSIVE;
				GCC_WARN_UNUSED_FUNCTION = YES;
				GCC_WARN_UNUSED_VARIABLE = YES;
				IPHONEOS_DEPLOYMENT_TARGET = 8.0;
				MTL_ENABLE_DEBUG_INFO = YES;
				ONLY_ACTIVE_ARCH = YES;
				SDKROOT = iphoneos;
				SWIFT_OPTIMIZATION_LEVEL = "-Onone";
				TARGETED_DEVICE_FAMILY = "1,2";
				VERSIONING_SYSTEM = "apple-generic";
				VERSION_INFO_PREFIX = "";
			};
			name = Debug;
		};
		D65FF0861AFB66C7006CC985 /* Release */ = {
			isa = XCBuildConfiguration;
			buildSettings = {
				ALWAYS_SEARCH_USER_PATHS = NO;
				CLANG_CXX_LANGUAGE_STANDARD = "gnu++0x";
				CLANG_CXX_LIBRARY = "libc++";
				CLANG_ENABLE_MODULES = YES;
				CLANG_ENABLE_OBJC_ARC = YES;
				CLANG_WARN_BOOL_CONVERSION = YES;
				CLANG_WARN_CONSTANT_CONVERSION = YES;
				CLANG_WARN_DIRECT_OBJC_ISA_USAGE = YES_ERROR;
				CLANG_WARN_EMPTY_BODY = YES;
				CLANG_WARN_ENUM_CONVERSION = YES;
				CLANG_WARN_INT_CONVERSION = YES;
				CLANG_WARN_OBJC_ROOT_CLASS = YES_ERROR;
				CLANG_WARN_UNREACHABLE_CODE = YES;
				CLANG_WARN__DUPLICATE_METHOD_MATCH = YES;
				"CODE_SIGN_IDENTITY[sdk=iphoneos*]" = "iPhone Developer";
				COPY_PHASE_STRIP = NO;
				CURRENT_PROJECT_VERSION = 1;
				DEBUG_INFORMATION_FORMAT = "dwarf-with-dsym";
				ENABLE_NS_ASSERTIONS = NO;
				ENABLE_STRICT_OBJC_MSGSEND = YES;
				GCC_C_LANGUAGE_STANDARD = gnu99;
				GCC_NO_COMMON_BLOCKS = YES;
				GCC_WARN_64_TO_32_BIT_CONVERSION = YES;
				GCC_WARN_ABOUT_RETURN_TYPE = YES_ERROR;
				GCC_WARN_UNDECLARED_SELECTOR = YES;
				GCC_WARN_UNINITIALIZED_AUTOS = YES_AGGRESSIVE;
				GCC_WARN_UNUSED_FUNCTION = YES;
				GCC_WARN_UNUSED_VARIABLE = YES;
				IPHONEOS_DEPLOYMENT_TARGET = 8.0;
				MTL_ENABLE_DEBUG_INFO = NO;
				SDKROOT = iphoneos;
				TARGETED_DEVICE_FAMILY = "1,2";
				VALIDATE_PRODUCT = YES;
				VERSIONING_SYSTEM = "apple-generic";
				VERSION_INFO_PREFIX = "";
			};
			name = Release;
		};
		D65FF0881AFB66C7006CC985 /* Debug */ = {
			isa = XCBuildConfiguration;
			buildSettings = {
				CLANG_ENABLE_MODULES = YES;
				DEFINES_MODULE = YES;
				DYLIB_COMPATIBILITY_VERSION = 1;
				DYLIB_CURRENT_VERSION = 1;
				DYLIB_INSTALL_NAME_BASE = "@rpath";
				HEADER_SEARCH_PATHS = .;
				INFOPLIST_FILE = EasyImagy/Info.plist;
				INSTALL_PATH = "$(LOCAL_LIBRARY_DIR)/Frameworks";
				LD_RUNPATH_SEARCH_PATHS = "$(inherited) @executable_path/Frameworks @loader_path/Frameworks";
				PRODUCT_BUNDLE_IDENTIFIER = org.koherent.EasyImagy;
				PRODUCT_NAME = EasyImagy;
				SKIP_INSTALL = YES;
				SWIFT_VERSION = 3.0;
			};
			name = Debug;
		};
		D65FF0891AFB66C7006CC985 /* Release */ = {
			isa = XCBuildConfiguration;
			buildSettings = {
				CLANG_ENABLE_MODULES = YES;
				DEFINES_MODULE = YES;
				DYLIB_COMPATIBILITY_VERSION = 1;
				DYLIB_CURRENT_VERSION = 1;
				DYLIB_INSTALL_NAME_BASE = "@rpath";
				ENABLE_TESTABILITY = YES;
				HEADER_SEARCH_PATHS = .;
				INFOPLIST_FILE = EasyImagy/Info.plist;
				INSTALL_PATH = "$(LOCAL_LIBRARY_DIR)/Frameworks";
				LD_RUNPATH_SEARCH_PATHS = "$(inherited) @executable_path/Frameworks @loader_path/Frameworks";
				PRODUCT_BUNDLE_IDENTIFIER = org.koherent.EasyImagy;
				PRODUCT_NAME = EasyImagy;
				SKIP_INSTALL = YES;
				SWIFT_OPTIMIZATION_LEVEL = "-Owholemodule";
				SWIFT_VERSION = 3.0;
			};
			name = Release;
		};
		D65FF08B1AFB66C7006CC985 /* Debug */ = {
			isa = XCBuildConfiguration;
			buildSettings = {
				GCC_PREPROCESSOR_DEFINITIONS = (
					"DEBUG=1",
					"$(inherited)",
				);
				INFOPLIST_FILE = EasyImagyTests/Info.plist;
				LD_RUNPATH_SEARCH_PATHS = "$(inherited) @executable_path/Frameworks @loader_path/Frameworks";
				PRODUCT_BUNDLE_IDENTIFIER = "org.koherent.$(PRODUCT_NAME:rfc1034identifier)";
				PRODUCT_NAME = EasyImagyTests;
				SWIFT_VERSION = 3.0;
			};
			name = Debug;
		};
		D65FF08C1AFB66C7006CC985 /* Release */ = {
			isa = XCBuildConfiguration;
			buildSettings = {
				INFOPLIST_FILE = EasyImagyTests/Info.plist;
				LD_RUNPATH_SEARCH_PATHS = "$(inherited) @executable_path/Frameworks @loader_path/Frameworks";
				PRODUCT_BUNDLE_IDENTIFIER = "org.koherent.$(PRODUCT_NAME:rfc1034identifier)";
				PRODUCT_NAME = EasyImagyTests;
				SWIFT_VERSION = 3.0;
			};
			name = Release;
		};
		D69C33B81C8D3D2A007985D4 /* Debug */ = {
			isa = XCBuildConfiguration;
			buildSettings = {
				COMBINE_HIDPI_IMAGES = YES;
				DEBUG_INFORMATION_FORMAT = dwarf;
				DEFINES_MODULE = YES;
				DYLIB_COMPATIBILITY_VERSION = 1;
				DYLIB_CURRENT_VERSION = 1;
				DYLIB_INSTALL_NAME_BASE = "@rpath";
				FRAMEWORK_VERSION = A;
				INFOPLIST_FILE = EasyImagy/Info.plist;
				INSTALL_PATH = "$(LOCAL_LIBRARY_DIR)/Frameworks";
				LD_RUNPATH_SEARCH_PATHS = "$(inherited) @executable_path/../Frameworks @loader_path/Frameworks";
				MACOSX_DEPLOYMENT_TARGET = 10.11;
				PRODUCT_BUNDLE_IDENTIFIER = org.koherent.EasyImagy;
				PRODUCT_NAME = EasyImagy;
				SDKROOT = macosx;
				SKIP_INSTALL = YES;
				SWIFT_VERSION = 3.0;
			};
			name = Debug;
		};
		D69C33B91C8D3D2A007985D4 /* Release */ = {
			isa = XCBuildConfiguration;
			buildSettings = {
				COMBINE_HIDPI_IMAGES = YES;
				DEFINES_MODULE = YES;
				DYLIB_COMPATIBILITY_VERSION = 1;
				DYLIB_CURRENT_VERSION = 1;
				DYLIB_INSTALL_NAME_BASE = "@rpath";
				ENABLE_TESTABILITY = YES;
				FRAMEWORK_VERSION = A;
				INFOPLIST_FILE = EasyImagy/Info.plist;
				INSTALL_PATH = "$(LOCAL_LIBRARY_DIR)/Frameworks";
				LD_RUNPATH_SEARCH_PATHS = "$(inherited) @executable_path/../Frameworks @loader_path/Frameworks";
				MACOSX_DEPLOYMENT_TARGET = 10.11;
				PRODUCT_BUNDLE_IDENTIFIER = org.koherent.EasyImagy;
				PRODUCT_NAME = EasyImagy;
				SDKROOT = macosx;
				SKIP_INSTALL = YES;
				SWIFT_VERSION = 3.0;
			};
			name = Release;
		};
		D69C33BB1C8D3D2A007985D4 /* Debug */ = {
			isa = XCBuildConfiguration;
			buildSettings = {
				COMBINE_HIDPI_IMAGES = YES;
				DEBUG_INFORMATION_FORMAT = dwarf;
				INFOPLIST_FILE = EasyImagyTests/Info.plist;
				LD_RUNPATH_SEARCH_PATHS = "$(inherited) @executable_path/../Frameworks @loader_path/../Frameworks";
				MACOSX_DEPLOYMENT_TARGET = 10.11;
				PRODUCT_BUNDLE_IDENTIFIER = org.koherent.EasyImagyTests;
				PRODUCT_NAME = EasyImagyTests;
				SDKROOT = macosx;
				SWIFT_VERSION = 3.0;
			};
			name = Debug;
		};
		D69C33BC1C8D3D2A007985D4 /* Release */ = {
			isa = XCBuildConfiguration;
			buildSettings = {
				COMBINE_HIDPI_IMAGES = YES;
				INFOPLIST_FILE = EasyImagyTests/Info.plist;
				LD_RUNPATH_SEARCH_PATHS = "$(inherited) @executable_path/../Frameworks @loader_path/../Frameworks";
				MACOSX_DEPLOYMENT_TARGET = 10.11;
				PRODUCT_BUNDLE_IDENTIFIER = org.koherent.EasyImagyTests;
				PRODUCT_NAME = EasyImagyTests;
				SDKROOT = macosx;
				SWIFT_VERSION = 3.0;
			};
			name = Release;
		};
		D6C2EE141B031A0900E2B876 /* Debug */ = {
			isa = XCBuildConfiguration;
			buildSettings = {
				ASSETCATALOG_COMPILER_APPICON_NAME = AppIcon;
				GCC_PREPROCESSOR_DEFINITIONS = (
					"DEBUG=1",
					"$(inherited)",
				);
				INFOPLIST_FILE = EasyImagySample/Info.plist;
				LD_RUNPATH_SEARCH_PATHS = "$(inherited) @executable_path/Frameworks";
				PRODUCT_BUNDLE_IDENTIFIER = "org.koherent.$(PRODUCT_NAME:rfc1034identifier)";
				PRODUCT_NAME = "$(TARGET_NAME)";
				SWIFT_OPTIMIZATION_LEVEL = "-O";
			};
			name = Debug;
		};
		D6C2EE151B031A0900E2B876 /* Release */ = {
			isa = XCBuildConfiguration;
			buildSettings = {
				ASSETCATALOG_COMPILER_APPICON_NAME = AppIcon;
				INFOPLIST_FILE = EasyImagySample/Info.plist;
				LD_RUNPATH_SEARCH_PATHS = "$(inherited) @executable_path/Frameworks";
				PRODUCT_BUNDLE_IDENTIFIER = "org.koherent.$(PRODUCT_NAME:rfc1034identifier)";
				PRODUCT_NAME = "$(TARGET_NAME)";
			};
			name = Release;
		};
/* End XCBuildConfiguration section */

/* Begin XCConfigurationList section */
		D65FF06B1AFB66C7006CC985 /* Build configuration list for PBXProject "EasyImagy" */ = {
			isa = XCConfigurationList;
			buildConfigurations = (
				D65FF0851AFB66C7006CC985 /* Debug */,
				D65FF0861AFB66C7006CC985 /* Release */,
			);
			defaultConfigurationIsVisible = 0;
			defaultConfigurationName = Release;
		};
		D65FF0871AFB66C7006CC985 /* Build configuration list for PBXNativeTarget "EasyImagy-iOS" */ = {
			isa = XCConfigurationList;
			buildConfigurations = (
				D65FF0881AFB66C7006CC985 /* Debug */,
				D65FF0891AFB66C7006CC985 /* Release */,
			);
			defaultConfigurationIsVisible = 0;
			defaultConfigurationName = Release;
		};
		D65FF08A1AFB66C7006CC985 /* Build configuration list for PBXNativeTarget "EasyImagy-iOS Tests" */ = {
			isa = XCConfigurationList;
			buildConfigurations = (
				D65FF08B1AFB66C7006CC985 /* Debug */,
				D65FF08C1AFB66C7006CC985 /* Release */,
			);
			defaultConfigurationIsVisible = 0;
			defaultConfigurationName = Release;
		};
		D69C33B71C8D3D2A007985D4 /* Build configuration list for PBXNativeTarget "EasyImagy-OSX" */ = {
			isa = XCConfigurationList;
			buildConfigurations = (
				D69C33B81C8D3D2A007985D4 /* Debug */,
				D69C33B91C8D3D2A007985D4 /* Release */,
			);
			defaultConfigurationIsVisible = 0;
			defaultConfigurationName = Release;
		};
		D69C33BA1C8D3D2A007985D4 /* Build configuration list for PBXNativeTarget "EasyImagy-OSX Tests" */ = {
			isa = XCConfigurationList;
			buildConfigurations = (
				D69C33BB1C8D3D2A007985D4 /* Debug */,
				D69C33BC1C8D3D2A007985D4 /* Release */,
			);
			defaultConfigurationIsVisible = 0;
			defaultConfigurationName = Release;
		};
		D6C2EE181B031A0900E2B876 /* Build configuration list for PBXNativeTarget "EasyImagySample" */ = {
			isa = XCConfigurationList;
			buildConfigurations = (
				D6C2EE141B031A0900E2B876 /* Debug */,
				D6C2EE151B031A0900E2B876 /* Release */,
			);
			defaultConfigurationIsVisible = 0;
			defaultConfigurationName = Release;
		};
/* End XCConfigurationList section */
	};
	rootObject = D65FF0681AFB66C7006CC985 /* Project object */;
}
